// !$*UTF8*$!
{
	archiveVersion = 1;
	classes = {
	};
	objectVersion = 77;
	objects = {

/* Begin PBXBuildFile section */
		96A7A0002CD807E300228DB3 /* SwiftGlyph in Frameworks */ = {isa = PBXBuildFile; productRef = 96A79FFF2CD807E300228DB3 /* SwiftGlyph */; };
		96A7A0032CD807FB00228DB3 /* SwiftGlyph in Frameworks */ = {isa = PBXBuildFile; productRef = 96A7A0022CD807FB00228DB3 /* SwiftGlyph */; };
/* End PBXBuildFile section */

/* Begin PBXContainerItemProxy section */
		96A79FB32CD8076C00228DB3 /* PBXContainerItemProxy */ = {
			isa = PBXContainerItemProxy;
			containerPortal = 96A79F9A2CD8076B00228DB3 /* Project object */;
			proxyType = 1;
			remoteGlobalIDString = 96A79FA12CD8076B00228DB3;
			remoteInfo = Glyph3D;
		};
		96A79FBD2CD8076C00228DB3 /* PBXContainerItemProxy */ = {
			isa = PBXContainerItemProxy;
			containerPortal = 96A79F9A2CD8076B00228DB3 /* Project object */;
			proxyType = 1;
			remoteGlobalIDString = 96A79FA12CD8076B00228DB3;
			remoteInfo = Glyph3D;
		};
		96A79FE42CD807B100228DB3 /* PBXContainerItemProxy */ = {
			isa = PBXContainerItemProxy;
			containerPortal = 96A79F9A2CD8076B00228DB3 /* Project object */;
			proxyType = 1;
			remoteGlobalIDString = 96A79FD22CD807AF00228DB3;
			remoteInfo = Glyph3DDesktop;
		};
		96A79FEE2CD807B100228DB3 /* PBXContainerItemProxy */ = {
			isa = PBXContainerItemProxy;
			containerPortal = 96A79F9A2CD8076B00228DB3 /* Project object */;
			proxyType = 1;
			remoteGlobalIDString = 96A79FD22CD807AF00228DB3;
			remoteInfo = Glyph3DDesktop;
		};
/* End PBXContainerItemProxy section */

/* Begin PBXFileReference section */
		96A79FA22CD8076B00228DB3 /* Glyph3D.app */ = {isa = PBXFileReference; explicitFileType = wrapper.application; includeInIndex = 0; path = Glyph3D.app; sourceTree = BUILT_PRODUCTS_DIR; };
		96A79FB22CD8076C00228DB3 /* Glyph3DTests.xctest */ = {isa = PBXFileReference; explicitFileType = wrapper.cfbundle; includeInIndex = 0; path = Glyph3DTests.xctest; sourceTree = BUILT_PRODUCTS_DIR; };
		96A79FBC2CD8076C00228DB3 /* Glyph3DUITests.xctest */ = {isa = PBXFileReference; explicitFileType = wrapper.cfbundle; includeInIndex = 0; path = Glyph3DUITests.xctest; sourceTree = BUILT_PRODUCTS_DIR; };
		96A79FD32CD807AF00228DB3 /* Glyph3DDesktop.app */ = {isa = PBXFileReference; explicitFileType = wrapper.application; includeInIndex = 0; path = Glyph3DDesktop.app; sourceTree = BUILT_PRODUCTS_DIR; };
		96A79FE32CD807B100228DB3 /* Glyph3DDesktopTests.xctest */ = {isa = PBXFileReference; explicitFileType = wrapper.cfbundle; includeInIndex = 0; path = Glyph3DDesktopTests.xctest; sourceTree = BUILT_PRODUCTS_DIR; };
		96A79FED2CD807B100228DB3 /* Glyph3DDesktopUITests.xctest */ = {isa = PBXFileReference; explicitFileType = wrapper.cfbundle; includeInIndex = 0; path = Glyph3DDesktopUITests.xctest; sourceTree = BUILT_PRODUCTS_DIR; };
/* End PBXFileReference section */

/* Begin PBXFileSystemSynchronizedBuildFileExceptionSet section */
		96EB2F5B2CD9140E00F145E8 /* Exceptions for "Glyph3D" folder in "Glyph3D" target */ = {
			isa = PBXFileSystemSynchronizedBuildFileExceptionSet;
			membershipExceptions = (
				Info.plist,
			);
			target = 96A79FA12CD8076B00228DB3 /* Glyph3D */;
		};
		96EB2F5D2CD9144900F145E8 /* Exceptions for "Glyph3DDesktop" folder in "Glyph3DDesktop" target */ = {
			isa = PBXFileSystemSynchronizedBuildFileExceptionSet;
			membershipExceptions = (
				Info.plist,
			);
			target = 96A79FD22CD807AF00228DB3 /* Glyph3DDesktop */;
		};
/* End PBXFileSystemSynchronizedBuildFileExceptionSet section */

/* Begin PBXFileSystemSynchronizedRootGroup section */
		96A79FA42CD8076B00228DB3 /* Glyph3D */ = {
			isa = PBXFileSystemSynchronizedRootGroup;
			exceptions = (
				96EB2F5B2CD9140E00F145E8 /* Exceptions for "Glyph3D" folder in "Glyph3D" target */,
			);
			path = Glyph3D;
			sourceTree = "<group>";
		};
		96A79FB52CD8076C00228DB3 /* Glyph3DTests */ = {
			isa = PBXFileSystemSynchronizedRootGroup;
			path = Glyph3DTests;
			sourceTree = "<group>";
		};
		96A79FBF2CD8076C00228DB3 /* Glyph3DUITests */ = {
			isa = PBXFileSystemSynchronizedRootGroup;
			path = Glyph3DUITests;
			sourceTree = "<group>";
		};
		96A79FD42CD807AF00228DB3 /* Glyph3DDesktop */ = {
			isa = PBXFileSystemSynchronizedRootGroup;
			exceptions = (
				96EB2F5D2CD9144900F145E8 /* Exceptions for "Glyph3DDesktop" folder in "Glyph3DDesktop" target */,
			);
			path = Glyph3DDesktop;
			sourceTree = "<group>";
		};
		96A79FE62CD807B100228DB3 /* Glyph3DDesktopTests */ = {
			isa = PBXFileSystemSynchronizedRootGroup;
			path = Glyph3DDesktopTests;
			sourceTree = "<group>";
		};
		96A79FF02CD807B100228DB3 /* Glyph3DDesktopUITests */ = {
			isa = PBXFileSystemSynchronizedRootGroup;
			path = Glyph3DDesktopUITests;
			sourceTree = "<group>";
		};
/* End PBXFileSystemSynchronizedRootGroup section */

/* Begin PBXFrameworksBuildPhase section */
		96A79F9F2CD8076B00228DB3 /* Frameworks */ = {
			isa = PBXFrameworksBuildPhase;
			buildActionMask = 2147483647;
			files = (
				96A7A0002CD807E300228DB3 /* SwiftGlyph in Frameworks */,
			);
			runOnlyForDeploymentPostprocessing = 0;
		};
		96A79FAF2CD8076C00228DB3 /* Frameworks */ = {
			isa = PBXFrameworksBuildPhase;
			buildActionMask = 2147483647;
			files = (
			);
			runOnlyForDeploymentPostprocessing = 0;
		};
		96A79FB92CD8076C00228DB3 /* Frameworks */ = {
			isa = PBXFrameworksBuildPhase;
			buildActionMask = 2147483647;
			files = (
			);
			runOnlyForDeploymentPostprocessing = 0;
		};
		96A79FD02CD807AF00228DB3 /* Frameworks */ = {
			isa = PBXFrameworksBuildPhase;
			buildActionMask = 2147483647;
			files = (
				96A7A0032CD807FB00228DB3 /* SwiftGlyph in Frameworks */,
			);
			runOnlyForDeploymentPostprocessing = 0;
		};
		96A79FE02CD807B100228DB3 /* Frameworks */ = {
			isa = PBXFrameworksBuildPhase;
			buildActionMask = 2147483647;
			files = (
			);
			runOnlyForDeploymentPostprocessing = 0;
		};
		96A79FEA2CD807B100228DB3 /* Frameworks */ = {
			isa = PBXFrameworksBuildPhase;
			buildActionMask = 2147483647;
			files = (
			);
			runOnlyForDeploymentPostprocessing = 0;
		};
/* End PBXFrameworksBuildPhase section */

/* Begin PBXGroup section */
		96A79F992CD8076B00228DB3 = {
			isa = PBXGroup;
			children = (
				96A79FA42CD8076B00228DB3 /* Glyph3D */,
				96A79FB52CD8076C00228DB3 /* Glyph3DTests */,
				96A79FBF2CD8076C00228DB3 /* Glyph3DUITests */,
				96A79FD42CD807AF00228DB3 /* Glyph3DDesktop */,
				96A79FE62CD807B100228DB3 /* Glyph3DDesktopTests */,
				96A79FF02CD807B100228DB3 /* Glyph3DDesktopUITests */,
				96A7A0012CD807FB00228DB3 /* Frameworks */,
				96A79FA32CD8076B00228DB3 /* Products */,
			);
			sourceTree = "<group>";
		};
		96A79FA32CD8076B00228DB3 /* Products */ = {
			isa = PBXGroup;
			children = (
				96A79FA22CD8076B00228DB3 /* Glyph3D.app */,
				96A79FB22CD8076C00228DB3 /* Glyph3DTests.xctest */,
				96A79FBC2CD8076C00228DB3 /* Glyph3DUITests.xctest */,
				96A79FD32CD807AF00228DB3 /* Glyph3DDesktop.app */,
				96A79FE32CD807B100228DB3 /* Glyph3DDesktopTests.xctest */,
				96A79FED2CD807B100228DB3 /* Glyph3DDesktopUITests.xctest */,
			);
			name = Products;
			sourceTree = "<group>";
		};
		96A7A0012CD807FB00228DB3 /* Frameworks */ = {
			isa = PBXGroup;
			children = (
			);
			name = Frameworks;
			sourceTree = "<group>";
		};
/* End PBXGroup section */

/* Begin PBXNativeTarget section */
		96A79FA12CD8076B00228DB3 /* Glyph3D */ = {
			isa = PBXNativeTarget;
			buildConfigurationList = 96A79FC62CD8076C00228DB3 /* Build configuration list for PBXNativeTarget "Glyph3D" */;
			buildPhases = (
				96A79F9E2CD8076B00228DB3 /* Sources */,
				96A79F9F2CD8076B00228DB3 /* Frameworks */,
				96A79FA02CD8076B00228DB3 /* Resources */,
			);
			buildRules = (
			);
			dependencies = (
			);
			fileSystemSynchronizedGroups = (
				96A79FA42CD8076B00228DB3 /* Glyph3D */,
			);
			name = Glyph3D;
			packageProductDependencies = (
				96A79FFF2CD807E300228DB3 /* SwiftGlyph */,
			);
			productName = Glyph3D;
			productReference = 96A79FA22CD8076B00228DB3 /* Glyph3D.app */;
			productType = "com.apple.product-type.application";
		};
		96A79FB12CD8076C00228DB3 /* Glyph3DTests */ = {
			isa = PBXNativeTarget;
			buildConfigurationList = 96A79FC92CD8076C00228DB3 /* Build configuration list for PBXNativeTarget "Glyph3DTests" */;
			buildPhases = (
				96A79FAE2CD8076C00228DB3 /* Sources */,
				96A79FAF2CD8076C00228DB3 /* Frameworks */,
				96A79FB02CD8076C00228DB3 /* Resources */,
			);
			buildRules = (
			);
			dependencies = (
				96A79FB42CD8076C00228DB3 /* PBXTargetDependency */,
			);
			fileSystemSynchronizedGroups = (
				96A79FB52CD8076C00228DB3 /* Glyph3DTests */,
			);
			name = Glyph3DTests;
			packageProductDependencies = (
			);
			productName = Glyph3DTests;
			productReference = 96A79FB22CD8076C00228DB3 /* Glyph3DTests.xctest */;
			productType = "com.apple.product-type.bundle.unit-test";
		};
		96A79FBB2CD8076C00228DB3 /* Glyph3DUITests */ = {
			isa = PBXNativeTarget;
			buildConfigurationList = 96A79FCC2CD8076C00228DB3 /* Build configuration list for PBXNativeTarget "Glyph3DUITests" */;
			buildPhases = (
				96A79FB82CD8076C00228DB3 /* Sources */,
				96A79FB92CD8076C00228DB3 /* Frameworks */,
				96A79FBA2CD8076C00228DB3 /* Resources */,
			);
			buildRules = (
			);
			dependencies = (
				96A79FBE2CD8076C00228DB3 /* PBXTargetDependency */,
			);
			fileSystemSynchronizedGroups = (
				96A79FBF2CD8076C00228DB3 /* Glyph3DUITests */,
			);
			name = Glyph3DUITests;
			packageProductDependencies = (
			);
			productName = Glyph3DUITests;
			productReference = 96A79FBC2CD8076C00228DB3 /* Glyph3DUITests.xctest */;
			productType = "com.apple.product-type.bundle.ui-testing";
		};
		96A79FD22CD807AF00228DB3 /* Glyph3DDesktop */ = {
			isa = PBXNativeTarget;
			buildConfigurationList = 96A79FF52CD807B100228DB3 /* Build configuration list for PBXNativeTarget "Glyph3DDesktop" */;
			buildPhases = (
				96A79FCF2CD807AF00228DB3 /* Sources */,
				96A79FD02CD807AF00228DB3 /* Frameworks */,
				96A79FD12CD807AF00228DB3 /* Resources */,
			);
			buildRules = (
			);
			dependencies = (
			);
			fileSystemSynchronizedGroups = (
				96A79FD42CD807AF00228DB3 /* Glyph3DDesktop */,
			);
			name = Glyph3DDesktop;
			packageProductDependencies = (
				96A7A0022CD807FB00228DB3 /* SwiftGlyph */,
			);
			productName = Glyph3DDesktop;
			productReference = 96A79FD32CD807AF00228DB3 /* Glyph3DDesktop.app */;
			productType = "com.apple.product-type.application";
		};
		96A79FE22CD807B100228DB3 /* Glyph3DDesktopTests */ = {
			isa = PBXNativeTarget;
			buildConfigurationList = 96A79FF82CD807B100228DB3 /* Build configuration list for PBXNativeTarget "Glyph3DDesktopTests" */;
			buildPhases = (
				96A79FDF2CD807B100228DB3 /* Sources */,
				96A79FE02CD807B100228DB3 /* Frameworks */,
				96A79FE12CD807B100228DB3 /* Resources */,
			);
			buildRules = (
			);
			dependencies = (
				96A79FE52CD807B100228DB3 /* PBXTargetDependency */,
			);
			fileSystemSynchronizedGroups = (
				96A79FE62CD807B100228DB3 /* Glyph3DDesktopTests */,
			);
			name = Glyph3DDesktopTests;
			packageProductDependencies = (
			);
			productName = Glyph3DDesktopTests;
			productReference = 96A79FE32CD807B100228DB3 /* Glyph3DDesktopTests.xctest */;
			productType = "com.apple.product-type.bundle.unit-test";
		};
		96A79FEC2CD807B100228DB3 /* Glyph3DDesktopUITests */ = {
			isa = PBXNativeTarget;
			buildConfigurationList = 96A79FFB2CD807B100228DB3 /* Build configuration list for PBXNativeTarget "Glyph3DDesktopUITests" */;
			buildPhases = (
				96A79FE92CD807B100228DB3 /* Sources */,
				96A79FEA2CD807B100228DB3 /* Frameworks */,
				96A79FEB2CD807B100228DB3 /* Resources */,
			);
			buildRules = (
			);
			dependencies = (
				96A79FEF2CD807B100228DB3 /* PBXTargetDependency */,
			);
			fileSystemSynchronizedGroups = (
				96A79FF02CD807B100228DB3 /* Glyph3DDesktopUITests */,
			);
			name = Glyph3DDesktopUITests;
			packageProductDependencies = (
			);
			productName = Glyph3DDesktopUITests;
			productReference = 96A79FED2CD807B100228DB3 /* Glyph3DDesktopUITests.xctest */;
			productType = "com.apple.product-type.bundle.ui-testing";
		};
/* End PBXNativeTarget section */

/* Begin PBXProject section */
		96A79F9A2CD8076B00228DB3 /* Project object */ = {
			isa = PBXProject;
			attributes = {
				BuildIndependentTargetsInParallel = 1;
				LastSwiftUpdateCheck = 1600;
				LastUpgradeCheck = 1600;
				TargetAttributes = {
					96A79FA12CD8076B00228DB3 = {
						CreatedOnToolsVersion = 16.0;
					};
					96A79FB12CD8076C00228DB3 = {
						CreatedOnToolsVersion = 16.0;
						TestTargetID = 96A79FA12CD8076B00228DB3;
					};
					96A79FBB2CD8076C00228DB3 = {
						CreatedOnToolsVersion = 16.0;
						TestTargetID = 96A79FA12CD8076B00228DB3;
					};
					96A79FD22CD807AF00228DB3 = {
						CreatedOnToolsVersion = 16.0;
					};
					96A79FE22CD807B100228DB3 = {
						CreatedOnToolsVersion = 16.0;
						TestTargetID = 96A79FD22CD807AF00228DB3;
					};
					96A79FEC2CD807B100228DB3 = {
						CreatedOnToolsVersion = 16.0;
						TestTargetID = 96A79FD22CD807AF00228DB3;
					};
				};
			};
			buildConfigurationList = 96A79F9D2CD8076B00228DB3 /* Build configuration list for PBXProject "Glyph3D" */;
			developmentRegion = en;
			hasScannedForEncodings = 0;
			knownRegions = (
				en,
				Base,
			);
			mainGroup = 96A79F992CD8076B00228DB3;
			minimizedProjectReferenceProxies = 1;
			packageReferences = (
				96A79FFE2CD807E300228DB3 /* XCRemoteSwiftPackageReference "SwiftGlyph" */,
			);
			preferredProjectObjectVersion = 77;
			productRefGroup = 96A79FA32CD8076B00228DB3 /* Products */;
			projectDirPath = "";
			projectRoot = "";
			targets = (
				96A79FA12CD8076B00228DB3 /* Glyph3D */,
				96A79FD22CD807AF00228DB3 /* Glyph3DDesktop */,
				96A79FB12CD8076C00228DB3 /* Glyph3DTests */,
				96A79FBB2CD8076C00228DB3 /* Glyph3DUITests */,
				96A79FE22CD807B100228DB3 /* Glyph3DDesktopTests */,
				96A79FEC2CD807B100228DB3 /* Glyph3DDesktopUITests */,
			);
		};
/* End PBXProject section */

/* Begin PBXResourcesBuildPhase section */
		96A79FA02CD8076B00228DB3 /* Resources */ = {
			isa = PBXResourcesBuildPhase;
			buildActionMask = 2147483647;
			files = (
			);
			runOnlyForDeploymentPostprocessing = 0;
		};
		96A79FB02CD8076C00228DB3 /* Resources */ = {
			isa = PBXResourcesBuildPhase;
			buildActionMask = 2147483647;
			files = (
			);
			runOnlyForDeploymentPostprocessing = 0;
		};
		96A79FBA2CD8076C00228DB3 /* Resources */ = {
			isa = PBXResourcesBuildPhase;
			buildActionMask = 2147483647;
			files = (
			);
			runOnlyForDeploymentPostprocessing = 0;
		};
		96A79FD12CD807AF00228DB3 /* Resources */ = {
			isa = PBXResourcesBuildPhase;
			buildActionMask = 2147483647;
			files = (
			);
			runOnlyForDeploymentPostprocessing = 0;
		};
		96A79FE12CD807B100228DB3 /* Resources */ = {
			isa = PBXResourcesBuildPhase;
			buildActionMask = 2147483647;
			files = (
			);
			runOnlyForDeploymentPostprocessing = 0;
		};
		96A79FEB2CD807B100228DB3 /* Resources */ = {
			isa = PBXResourcesBuildPhase;
			buildActionMask = 2147483647;
			files = (
			);
			runOnlyForDeploymentPostprocessing = 0;
		};
/* End PBXResourcesBuildPhase section */

/* Begin PBXSourcesBuildPhase section */
		96A79F9E2CD8076B00228DB3 /* Sources */ = {
			isa = PBXSourcesBuildPhase;
			buildActionMask = 2147483647;
			files = (
			);
			runOnlyForDeploymentPostprocessing = 0;
		};
		96A79FAE2CD8076C00228DB3 /* Sources */ = {
			isa = PBXSourcesBuildPhase;
			buildActionMask = 2147483647;
			files = (
			);
			runOnlyForDeploymentPostprocessing = 0;
		};
		96A79FB82CD8076C00228DB3 /* Sources */ = {
			isa = PBXSourcesBuildPhase;
			buildActionMask = 2147483647;
			files = (
			);
			runOnlyForDeploymentPostprocessing = 0;
		};
		96A79FCF2CD807AF00228DB3 /* Sources */ = {
			isa = PBXSourcesBuildPhase;
			buildActionMask = 2147483647;
			files = (
			);
			runOnlyForDeploymentPostprocessing = 0;
		};
		96A79FDF2CD807B100228DB3 /* Sources */ = {
			isa = PBXSourcesBuildPhase;
			buildActionMask = 2147483647;
			files = (
			);
			runOnlyForDeploymentPostprocessing = 0;
		};
		96A79FE92CD807B100228DB3 /* Sources */ = {
			isa = PBXSourcesBuildPhase;
			buildActionMask = 2147483647;
			files = (
			);
			runOnlyForDeploymentPostprocessing = 0;
		};
/* End PBXSourcesBuildPhase section */

/* Begin PBXTargetDependency section */
		96A79FB42CD8076C00228DB3 /* PBXTargetDependency */ = {
			isa = PBXTargetDependency;
			target = 96A79FA12CD8076B00228DB3 /* Glyph3D */;
			targetProxy = 96A79FB32CD8076C00228DB3 /* PBXContainerItemProxy */;
		};
		96A79FBE2CD8076C00228DB3 /* PBXTargetDependency */ = {
			isa = PBXTargetDependency;
			target = 96A79FA12CD8076B00228DB3 /* Glyph3D */;
			targetProxy = 96A79FBD2CD8076C00228DB3 /* PBXContainerItemProxy */;
		};
		96A79FE52CD807B100228DB3 /* PBXTargetDependency */ = {
			isa = PBXTargetDependency;
			target = 96A79FD22CD807AF00228DB3 /* Glyph3DDesktop */;
			targetProxy = 96A79FE42CD807B100228DB3 /* PBXContainerItemProxy */;
		};
		96A79FEF2CD807B100228DB3 /* PBXTargetDependency */ = {
			isa = PBXTargetDependency;
			target = 96A79FD22CD807AF00228DB3 /* Glyph3DDesktop */;
			targetProxy = 96A79FEE2CD807B100228DB3 /* PBXContainerItemProxy */;
		};
/* End PBXTargetDependency section */

/* Begin XCBuildConfiguration section */
		96A79FC42CD8076C00228DB3 /* Debug */ = {
			isa = XCBuildConfiguration;
			buildSettings = {
				ALWAYS_SEARCH_USER_PATHS = NO;
				ASSETCATALOG_COMPILER_GENERATE_SWIFT_ASSET_SYMBOL_EXTENSIONS = YES;
				CLANG_ANALYZER_NONNULL = YES;
				CLANG_ANALYZER_NUMBER_OBJECT_CONVERSION = YES_AGGRESSIVE;
				CLANG_CXX_LANGUAGE_STANDARD = "gnu++20";
				CLANG_ENABLE_MODULES = YES;
				CLANG_ENABLE_OBJC_ARC = YES;
				CLANG_ENABLE_OBJC_WEAK = YES;
				CLANG_WARN_BLOCK_CAPTURE_AUTORELEASING = YES;
				CLANG_WARN_BOOL_CONVERSION = YES;
				CLANG_WARN_COMMA = YES;
				CLANG_WARN_CONSTANT_CONVERSION = YES;
				CLANG_WARN_DEPRECATED_OBJC_IMPLEMENTATIONS = YES;
				CLANG_WARN_DIRECT_OBJC_ISA_USAGE = YES_ERROR;
				CLANG_WARN_DOCUMENTATION_COMMENTS = YES;
				CLANG_WARN_EMPTY_BODY = YES;
				CLANG_WARN_ENUM_CONVERSION = YES;
				CLANG_WARN_INFINITE_RECURSION = YES;
				CLANG_WARN_INT_CONVERSION = YES;
				CLANG_WARN_NON_LITERAL_NULL_CONVERSION = YES;
				CLANG_WARN_OBJC_IMPLICIT_RETAIN_SELF = YES;
				CLANG_WARN_OBJC_LITERAL_CONVERSION = YES;
				CLANG_WARN_OBJC_ROOT_CLASS = YES_ERROR;
				CLANG_WARN_QUOTED_INCLUDE_IN_FRAMEWORK_HEADER = YES;
				CLANG_WARN_RANGE_LOOP_ANALYSIS = YES;
				CLANG_WARN_STRICT_PROTOTYPES = YES;
				CLANG_WARN_SUSPICIOUS_MOVE = YES;
				CLANG_WARN_UNGUARDED_AVAILABILITY = YES_AGGRESSIVE;
				CLANG_WARN_UNREACHABLE_CODE = YES;
				CLANG_WARN__DUPLICATE_METHOD_MATCH = YES;
				COPY_PHASE_STRIP = NO;
				DEBUG_INFORMATION_FORMAT = dwarf;
				ENABLE_STRICT_OBJC_MSGSEND = YES;
				ENABLE_TESTABILITY = YES;
				ENABLE_USER_SCRIPT_SANDBOXING = YES;
				GCC_C_LANGUAGE_STANDARD = gnu17;
				GCC_DYNAMIC_NO_PIC = NO;
				GCC_NO_COMMON_BLOCKS = YES;
				GCC_OPTIMIZATION_LEVEL = 0;
				GCC_PREPROCESSOR_DEFINITIONS = (
					"DEBUG=1",
					"$(inherited)",
				);
				GCC_WARN_64_TO_32_BIT_CONVERSION = YES;
				GCC_WARN_ABOUT_RETURN_TYPE = YES_ERROR;
				GCC_WARN_UNDECLARED_SELECTOR = YES;
				GCC_WARN_UNINITIALIZED_AUTOS = YES_AGGRESSIVE;
				GCC_WARN_UNUSED_FUNCTION = YES;
				GCC_WARN_UNUSED_VARIABLE = YES;
				IPHONEOS_DEPLOYMENT_TARGET = 17.6;
				LOCALIZATION_PREFERS_STRING_CATALOGS = YES;
				MACOSX_DEPLOYMENT_TARGET = 14.6;
				MTL_ENABLE_DEBUG_INFO = INCLUDE_SOURCE;
				MTL_FAST_MATH = YES;
				ONLY_ACTIVE_ARCH = YES;
				SDKROOT = iphoneos;
				SWIFT_ACTIVE_COMPILATION_CONDITIONS = "DEBUG $(inherited)";
				SWIFT_OPTIMIZATION_LEVEL = "-Onone";
			};
			name = Debug;
		};
		96A79FC52CD8076C00228DB3 /* Release */ = {
			isa = XCBuildConfiguration;
			buildSettings = {
				ALWAYS_SEARCH_USER_PATHS = NO;
				ASSETCATALOG_COMPILER_GENERATE_SWIFT_ASSET_SYMBOL_EXTENSIONS = YES;
				CLANG_ANALYZER_NONNULL = YES;
				CLANG_ANALYZER_NUMBER_OBJECT_CONVERSION = YES_AGGRESSIVE;
				CLANG_CXX_LANGUAGE_STANDARD = "gnu++20";
				CLANG_ENABLE_MODULES = YES;
				CLANG_ENABLE_OBJC_ARC = YES;
				CLANG_ENABLE_OBJC_WEAK = YES;
				CLANG_WARN_BLOCK_CAPTURE_AUTORELEASING = YES;
				CLANG_WARN_BOOL_CONVERSION = YES;
				CLANG_WARN_COMMA = YES;
				CLANG_WARN_CONSTANT_CONVERSION = YES;
				CLANG_WARN_DEPRECATED_OBJC_IMPLEMENTATIONS = YES;
				CLANG_WARN_DIRECT_OBJC_ISA_USAGE = YES_ERROR;
				CLANG_WARN_DOCUMENTATION_COMMENTS = YES;
				CLANG_WARN_EMPTY_BODY = YES;
				CLANG_WARN_ENUM_CONVERSION = YES;
				CLANG_WARN_INFINITE_RECURSION = YES;
				CLANG_WARN_INT_CONVERSION = YES;
				CLANG_WARN_NON_LITERAL_NULL_CONVERSION = YES;
				CLANG_WARN_OBJC_IMPLICIT_RETAIN_SELF = YES;
				CLANG_WARN_OBJC_LITERAL_CONVERSION = YES;
				CLANG_WARN_OBJC_ROOT_CLASS = YES_ERROR;
				CLANG_WARN_QUOTED_INCLUDE_IN_FRAMEWORK_HEADER = YES;
				CLANG_WARN_RANGE_LOOP_ANALYSIS = YES;
				CLANG_WARN_STRICT_PROTOTYPES = YES;
				CLANG_WARN_SUSPICIOUS_MOVE = YES;
				CLANG_WARN_UNGUARDED_AVAILABILITY = YES_AGGRESSIVE;
				CLANG_WARN_UNREACHABLE_CODE = YES;
				CLANG_WARN__DUPLICATE_METHOD_MATCH = YES;
				COPY_PHASE_STRIP = NO;
				DEBUG_INFORMATION_FORMAT = "dwarf-with-dsym";
				ENABLE_NS_ASSERTIONS = NO;
				ENABLE_STRICT_OBJC_MSGSEND = YES;
				ENABLE_USER_SCRIPT_SANDBOXING = YES;
				GCC_C_LANGUAGE_STANDARD = gnu17;
				GCC_NO_COMMON_BLOCKS = YES;
				GCC_WARN_64_TO_32_BIT_CONVERSION = YES;
				GCC_WARN_ABOUT_RETURN_TYPE = YES_ERROR;
				GCC_WARN_UNDECLARED_SELECTOR = YES;
				GCC_WARN_UNINITIALIZED_AUTOS = YES_AGGRESSIVE;
				GCC_WARN_UNUSED_FUNCTION = YES;
				GCC_WARN_UNUSED_VARIABLE = YES;
				IPHONEOS_DEPLOYMENT_TARGET = 17.6;
				LOCALIZATION_PREFERS_STRING_CATALOGS = YES;
				MACOSX_DEPLOYMENT_TARGET = 14.6;
				MTL_ENABLE_DEBUG_INFO = NO;
				MTL_FAST_MATH = YES;
				SDKROOT = iphoneos;
				SWIFT_COMPILATION_MODE = wholemodule;
				VALIDATE_PRODUCT = YES;
			};
			name = Release;
		};
		96A79FC72CD8076C00228DB3 /* Debug */ = {
			isa = XCBuildConfiguration;
			buildSettings = {
				ASSETCATALOG_COMPILER_APPICON_NAME = AppIcon;
				ASSETCATALOG_COMPILER_GLOBAL_ACCENT_COLOR_NAME = AccentColor;
				CODE_SIGN_STYLE = Automatic;
				CURRENT_PROJECT_VERSION = 1;
				DEVELOPMENT_ASSET_PATHS = "\"Glyph3D/Preview Content\"";
				DEVELOPMENT_TEAM = XR2HQNSZ68;
				ENABLE_PREVIEWS = YES;
				GENERATE_INFOPLIST_FILE = YES;
				INFOPLIST_FILE = Glyph3D/Info.plist;
				INFOPLIST_KEY_LSApplicationCategoryType = "public.app-category.developer-tools";
				INFOPLIST_KEY_UIApplicationSceneManifest_Generation = YES;
				INFOPLIST_KEY_UIApplicationSupportsIndirectInputEvents = YES;
				INFOPLIST_KEY_UILaunchScreen_Generation = YES;
				INFOPLIST_KEY_UISupportedInterfaceOrientations_iPad = "UIInterfaceOrientationPortrait UIInterfaceOrientationPortraitUpsideDown UIInterfaceOrientationLandscapeLeft UIInterfaceOrientationLandscapeRight";
				INFOPLIST_KEY_UISupportedInterfaceOrientations_iPhone = "UIInterfaceOrientationPortrait UIInterfaceOrientationLandscapeLeft UIInterfaceOrientationLandscapeRight";
				IPHONEOS_DEPLOYMENT_TARGET = 17.6;
				LD_RUNPATH_SEARCH_PATHS = (
					"$(inherited)",
					"@executable_path/Frameworks",
				);
				MACOSX_DEPLOYMENT_TARGET = 14.6;
				MARKETING_VERSION = 1.0;
				PRODUCT_BUNDLE_IDENTIFIER = lugonium.works.Glyph3D;
				PRODUCT_NAME = "$(TARGET_NAME)";
				REGISTER_APP_GROUPS = NO;
				SUPPORTED_PLATFORMS = "iphoneos iphonesimulator";
				SUPPORTS_MACCATALYST = NO;
				SUPPORTS_MAC_DESIGNED_FOR_IPHONE_IPAD = NO;
				SWIFT_EMIT_LOC_STRINGS = YES;
				SWIFT_VERSION = 5.0;
				TARGETED_DEVICE_FAMILY = "1,2";
			};
			name = Debug;
		};
		96A79FC82CD8076C00228DB3 /* Release */ = {
			isa = XCBuildConfiguration;
			buildSettings = {
				ASSETCATALOG_COMPILER_APPICON_NAME = AppIcon;
				ASSETCATALOG_COMPILER_GLOBAL_ACCENT_COLOR_NAME = AccentColor;
				CODE_SIGN_STYLE = Automatic;
				CURRENT_PROJECT_VERSION = 1;
				DEVELOPMENT_ASSET_PATHS = "\"Glyph3D/Preview Content\"";
				DEVELOPMENT_TEAM = XR2HQNSZ68;
				ENABLE_PREVIEWS = YES;
				GENERATE_INFOPLIST_FILE = YES;
				INFOPLIST_FILE = Glyph3D/Info.plist;
				INFOPLIST_KEY_LSApplicationCategoryType = "public.app-category.developer-tools";
				INFOPLIST_KEY_UIApplicationSceneManifest_Generation = YES;
				INFOPLIST_KEY_UIApplicationSupportsIndirectInputEvents = YES;
				INFOPLIST_KEY_UILaunchScreen_Generation = YES;
				INFOPLIST_KEY_UISupportedInterfaceOrientations_iPad = "UIInterfaceOrientationPortrait UIInterfaceOrientationPortraitUpsideDown UIInterfaceOrientationLandscapeLeft UIInterfaceOrientationLandscapeRight";
				INFOPLIST_KEY_UISupportedInterfaceOrientations_iPhone = "UIInterfaceOrientationPortrait UIInterfaceOrientationLandscapeLeft UIInterfaceOrientationLandscapeRight";
				IPHONEOS_DEPLOYMENT_TARGET = 17.6;
				LD_RUNPATH_SEARCH_PATHS = (
					"$(inherited)",
					"@executable_path/Frameworks",
				);
				MACOSX_DEPLOYMENT_TARGET = 14.6;
				MARKETING_VERSION = 1.0;
				PRODUCT_BUNDLE_IDENTIFIER = lugonium.works.Glyph3D;
				PRODUCT_NAME = "$(TARGET_NAME)";
				REGISTER_APP_GROUPS = NO;
				SUPPORTED_PLATFORMS = "iphoneos iphonesimulator";
				SUPPORTS_MACCATALYST = NO;
				SUPPORTS_MAC_DESIGNED_FOR_IPHONE_IPAD = NO;
				SWIFT_EMIT_LOC_STRINGS = YES;
				SWIFT_VERSION = 5.0;
				TARGETED_DEVICE_FAMILY = "1,2";
			};
			name = Release;
		};
		96A79FCA2CD8076C00228DB3 /* Debug */ = {
			isa = XCBuildConfiguration;
			buildSettings = {
				BUNDLE_LOADER = "$(TEST_HOST)";
				CODE_SIGN_STYLE = Automatic;
				CURRENT_PROJECT_VERSION = 1;
				DEVELOPMENT_TEAM = XR2HQNSZ68;
				GENERATE_INFOPLIST_FILE = YES;
				IPHONEOS_DEPLOYMENT_TARGET = 18.0;
				MARKETING_VERSION = 1.0;
				PRODUCT_BUNDLE_IDENTIFIER = lugonium.works.Glyph3DTests;
				PRODUCT_NAME = "$(TARGET_NAME)";
				SWIFT_EMIT_LOC_STRINGS = NO;
				SWIFT_VERSION = 5.0;
				TARGETED_DEVICE_FAMILY = "1,2";
				TEST_HOST = "$(BUILT_PRODUCTS_DIR)/Glyph3D.app/$(BUNDLE_EXECUTABLE_FOLDER_PATH)/Glyph3D";
			};
			name = Debug;
		};
		96A79FCB2CD8076C00228DB3 /* Release */ = {
			isa = XCBuildConfiguration;
			buildSettings = {
				BUNDLE_LOADER = "$(TEST_HOST)";
				CODE_SIGN_STYLE = Automatic;
				CURRENT_PROJECT_VERSION = 1;
				DEVELOPMENT_TEAM = XR2HQNSZ68;
				GENERATE_INFOPLIST_FILE = YES;
				IPHONEOS_DEPLOYMENT_TARGET = 18.0;
				MARKETING_VERSION = 1.0;
				PRODUCT_BUNDLE_IDENTIFIER = lugonium.works.Glyph3DTests;
				PRODUCT_NAME = "$(TARGET_NAME)";
				SWIFT_EMIT_LOC_STRINGS = NO;
				SWIFT_VERSION = 5.0;
				TARGETED_DEVICE_FAMILY = "1,2";
				TEST_HOST = "$(BUILT_PRODUCTS_DIR)/Glyph3D.app/$(BUNDLE_EXECUTABLE_FOLDER_PATH)/Glyph3D";
			};
			name = Release;
		};
		96A79FCD2CD8076C00228DB3 /* Debug */ = {
			isa = XCBuildConfiguration;
			buildSettings = {
				CODE_SIGN_STYLE = Automatic;
				CURRENT_PROJECT_VERSION = 1;
				DEVELOPMENT_TEAM = XR2HQNSZ68;
				GENERATE_INFOPLIST_FILE = YES;
				MARKETING_VERSION = 1.0;
				PRODUCT_BUNDLE_IDENTIFIER = lugonium.works.Glyph3DUITests;
				PRODUCT_NAME = "$(TARGET_NAME)";
				SWIFT_EMIT_LOC_STRINGS = NO;
				SWIFT_VERSION = 5.0;
				TARGETED_DEVICE_FAMILY = "1,2";
				TEST_TARGET_NAME = Glyph3D;
			};
			name = Debug;
		};
		96A79FCE2CD8076C00228DB3 /* Release */ = {
			isa = XCBuildConfiguration;
			buildSettings = {
				CODE_SIGN_STYLE = Automatic;
				CURRENT_PROJECT_VERSION = 1;
				DEVELOPMENT_TEAM = XR2HQNSZ68;
				GENERATE_INFOPLIST_FILE = YES;
				MARKETING_VERSION = 1.0;
				PRODUCT_BUNDLE_IDENTIFIER = lugonium.works.Glyph3DUITests;
				PRODUCT_NAME = "$(TARGET_NAME)";
				SWIFT_EMIT_LOC_STRINGS = NO;
				SWIFT_VERSION = 5.0;
				TARGETED_DEVICE_FAMILY = "1,2";
				TEST_TARGET_NAME = Glyph3D;
			};
			name = Release;
		};
		96A79FF62CD807B100228DB3 /* Debug */ = {
			isa = XCBuildConfiguration;
			buildSettings = {
				ASSETCATALOG_COMPILER_APPICON_NAME = AppIcon;
				ASSETCATALOG_COMPILER_GLOBAL_ACCENT_COLOR_NAME = AccentColor;
				CODE_SIGN_ENTITLEMENTS = Glyph3DDesktop/Glyph3DDesktop.entitlements;
				CODE_SIGN_STYLE = Automatic;
				COMBINE_HIDPI_IMAGES = YES;
				CURRENT_PROJECT_VERSION = 1;
				DEVELOPMENT_TEAM = XR2HQNSZ68;
				ENABLE_HARDENED_RUNTIME = YES;
				GENERATE_INFOPLIST_FILE = YES;
				INFOPLIST_FILE = Glyph3DDesktop/Info.plist;
				INFOPLIST_KEY_LSApplicationCategoryType = "public.app-category.developer-tools";
				INFOPLIST_KEY_NSHumanReadableCopyright = "";
				INFOPLIST_KEY_NSMainStoryboardFile = Main;
				INFOPLIST_KEY_NSPrincipalClass = NSApplication;
				LD_RUNPATH_SEARCH_PATHS = (
					"$(inherited)",
					"@executable_path/../Frameworks",
				);
				MACOSX_DEPLOYMENT_TARGET = 14.6;
				MARKETING_VERSION = 1.0;
				PRODUCT_BUNDLE_IDENTIFIER = lugonium.works.Glyph3DDesktop;
				PRODUCT_NAME = "$(TARGET_NAME)";
				SDKROOT = macosx;
				SWIFT_EMIT_LOC_STRINGS = YES;
				SWIFT_VERSION = 5.0;
			};
			name = Debug;
		};
		96A79FF72CD807B100228DB3 /* Release */ = {
			isa = XCBuildConfiguration;
			buildSettings = {
				ASSETCATALOG_COMPILER_APPICON_NAME = AppIcon;
				ASSETCATALOG_COMPILER_GLOBAL_ACCENT_COLOR_NAME = AccentColor;
				CODE_SIGN_ENTITLEMENTS = Glyph3DDesktop/Glyph3DDesktop.entitlements;
				CODE_SIGN_STYLE = Automatic;
				COMBINE_HIDPI_IMAGES = YES;
				CURRENT_PROJECT_VERSION = 1;
				DEVELOPMENT_TEAM = XR2HQNSZ68;
				ENABLE_HARDENED_RUNTIME = YES;
				GENERATE_INFOPLIST_FILE = YES;
				INFOPLIST_FILE = Glyph3DDesktop/Info.plist;
				INFOPLIST_KEY_LSApplicationCategoryType = "public.app-category.developer-tools";
				INFOPLIST_KEY_NSHumanReadableCopyright = "";
				INFOPLIST_KEY_NSMainStoryboardFile = Main;
				INFOPLIST_KEY_NSPrincipalClass = NSApplication;
				LD_RUNPATH_SEARCH_PATHS = (
					"$(inherited)",
					"@executable_path/../Frameworks",
				);
				MACOSX_DEPLOYMENT_TARGET = 14.6;
				MARKETING_VERSION = 1.0;
				PRODUCT_BUNDLE_IDENTIFIER = lugonium.works.Glyph3DDesktop;
				PRODUCT_NAME = "$(TARGET_NAME)";
				SDKROOT = macosx;
				SWIFT_EMIT_LOC_STRINGS = YES;
				SWIFT_VERSION = 5.0;
			};
			name = Release;
		};
		96A79FF92CD807B100228DB3 /* Debug */ = {
			isa = XCBuildConfiguration;
			buildSettings = {
				BUNDLE_LOADER = "$(TEST_HOST)";
				CODE_SIGN_STYLE = Automatic;
				CURRENT_PROJECT_VERSION = 1;
				DEVELOPMENT_TEAM = XR2HQNSZ68;
				GENERATE_INFOPLIST_FILE = YES;
				MACOSX_DEPLOYMENT_TARGET = 15.0;
				MARKETING_VERSION = 1.0;
				PRODUCT_BUNDLE_IDENTIFIER = lugonium.works.Glyph3DDesktopTests;
				PRODUCT_NAME = "$(TARGET_NAME)";
				SDKROOT = macosx;
				SWIFT_EMIT_LOC_STRINGS = NO;
				SWIFT_VERSION = 5.0;
				TEST_HOST = "$(BUILT_PRODUCTS_DIR)/Glyph3DDesktop.app/$(BUNDLE_EXECUTABLE_FOLDER_PATH)/Glyph3DDesktop";
			};
			name = Debug;
		};
		96A79FFA2CD807B100228DB3 /* Release */ = {
			isa = XCBuildConfiguration;
			buildSettings = {
				BUNDLE_LOADER = "$(TEST_HOST)";
				CODE_SIGN_STYLE = Automatic;
				CURRENT_PROJECT_VERSION = 1;
				DEVELOPMENT_TEAM = XR2HQNSZ68;
				GENERATE_INFOPLIST_FILE = YES;
				MACOSX_DEPLOYMENT_TARGET = 15.0;
				MARKETING_VERSION = 1.0;
				PRODUCT_BUNDLE_IDENTIFIER = lugonium.works.Glyph3DDesktopTests;
				PRODUCT_NAME = "$(TARGET_NAME)";
				SDKROOT = macosx;
				SWIFT_EMIT_LOC_STRINGS = NO;
				SWIFT_VERSION = 5.0;
				TEST_HOST = "$(BUILT_PRODUCTS_DIR)/Glyph3DDesktop.app/$(BUNDLE_EXECUTABLE_FOLDER_PATH)/Glyph3DDesktop";
			};
			name = Release;
		};
		96A79FFC2CD807B100228DB3 /* Debug */ = {
			isa = XCBuildConfiguration;
			buildSettings = {
				CODE_SIGN_STYLE = Automatic;
				CURRENT_PROJECT_VERSION = 1;
				DEVELOPMENT_TEAM = XR2HQNSZ68;
				GENERATE_INFOPLIST_FILE = YES;
				MACOSX_DEPLOYMENT_TARGET = 15.0;
				MARKETING_VERSION = 1.0;
				PRODUCT_BUNDLE_IDENTIFIER = lugonium.works.Glyph3DDesktopUITests;
				PRODUCT_NAME = "$(TARGET_NAME)";
				SDKROOT = macosx;
				SWIFT_EMIT_LOC_STRINGS = NO;
				SWIFT_VERSION = 5.0;
				TEST_TARGET_NAME = Glyph3DDesktop;
			};
			name = Debug;
		};
		96A79FFD2CD807B100228DB3 /* Release */ = {
			isa = XCBuildConfiguration;
			buildSettings = {
				CODE_SIGN_STYLE = Automatic;
				CURRENT_PROJECT_VERSION = 1;
				DEVELOPMENT_TEAM = XR2HQNSZ68;
				GENERATE_INFOPLIST_FILE = YES;
				MACOSX_DEPLOYMENT_TARGET = 15.0;
				MARKETING_VERSION = 1.0;
				PRODUCT_BUNDLE_IDENTIFIER = lugonium.works.Glyph3DDesktopUITests;
				PRODUCT_NAME = "$(TARGET_NAME)";
				SDKROOT = macosx;
				SWIFT_EMIT_LOC_STRINGS = NO;
				SWIFT_VERSION = 5.0;
				TEST_TARGET_NAME = Glyph3DDesktop;
			};
			name = Release;
		};
/* End XCBuildConfiguration section */

/* Begin XCConfigurationList section */
		96A79F9D2CD8076B00228DB3 /* Build configuration list for PBXProject "Glyph3D" */ = {
			isa = XCConfigurationList;
			buildConfigurations = (
				96A79FC42CD8076C00228DB3 /* Debug */,
				96A79FC52CD8076C00228DB3 /* Release */,
			);
			defaultConfigurationIsVisible = 0;
			defaultConfigurationName = Release;
		};
		96A79FC62CD8076C00228DB3 /* Build configuration list for PBXNativeTarget "Glyph3D" */ = {
			isa = XCConfigurationList;
			buildConfigurations = (
				96A79FC72CD8076C00228DB3 /* Debug */,
				96A79FC82CD8076C00228DB3 /* Release */,
			);
			defaultConfigurationIsVisible = 0;
			defaultConfigurationName = Release;
		};
		96A79FC92CD8076C00228DB3 /* Build configuration list for PBXNativeTarget "Glyph3DTests" */ = {
			isa = XCConfigurationList;
			buildConfigurations = (
				96A79FCA2CD8076C00228DB3 /* Debug */,
				96A79FCB2CD8076C00228DB3 /* Release */,
			);
			defaultConfigurationIsVisible = 0;
			defaultConfigurationName = Release;
		};
		96A79FCC2CD8076C00228DB3 /* Build configuration list for PBXNativeTarget "Glyph3DUITests" */ = {
			isa = XCConfigurationList;
			buildConfigurations = (
				96A79FCD2CD8076C00228DB3 /* Debug */,
				96A79FCE2CD8076C00228DB3 /* Release */,
			);
			defaultConfigurationIsVisible = 0;
			defaultConfigurationName = Release;
		};
		96A79FF52CD807B100228DB3 /* Build configuration list for PBXNativeTarget "Glyph3DDesktop" */ = {
			isa = XCConfigurationList;
			buildConfigurations = (
				96A79FF62CD807B100228DB3 /* Debug */,
				96A79FF72CD807B100228DB3 /* Release */,
			);
			defaultConfigurationIsVisible = 0;
			defaultConfigurationName = Release;
		};
		96A79FF82CD807B100228DB3 /* Build configuration list for PBXNativeTarget "Glyph3DDesktopTests" */ = {
			isa = XCConfigurationList;
			buildConfigurations = (
				96A79FF92CD807B100228DB3 /* Debug */,
				96A79FFA2CD807B100228DB3 /* Release */,
			);
			defaultConfigurationIsVisible = 0;
			defaultConfigurationName = Release;
		};
		96A79FFB2CD807B100228DB3 /* Build configuration list for PBXNativeTarget "Glyph3DDesktopUITests" */ = {
			isa = XCConfigurationList;
			buildConfigurations = (
				96A79FFC2CD807B100228DB3 /* Debug */,
				96A79FFD2CD807B100228DB3 /* Release */,
			);
			defaultConfigurationIsVisible = 0;
			defaultConfigurationName = Release;
		};
/* End XCConfigurationList section */

/* Begin XCRemoteSwiftPackageReference section */
		96A79FFE2CD807E300228DB3 /* XCRemoteSwiftPackageReference "SwiftGlyph" */ = {
			isa = XCRemoteSwiftPackageReference;
			repositoryURL = "https://github.com/tikimcfee/SwiftGlyph.git";
			requirement = {
				branch = main;
				kind = branch;
			};
		};
/* End XCRemoteSwiftPackageReference section */

/* Begin XCSwiftPackageProductDependency section */
		96A79FFF2CD807E300228DB3 /* SwiftGlyph */ = {
			isa = XCSwiftPackageProductDependency;
			package = 96A79FFE2CD807E300228DB3 /* XCRemoteSwiftPackageReference "SwiftGlyph" */;
			productName = SwiftGlyph;
		};
		96A7A0022CD807FB00228DB3 /* SwiftGlyph */ = {
			isa = XCSwiftPackageProductDependency;
			package = 96A79FFE2CD807E300228DB3 /* XCRemoteSwiftPackageReference "SwiftGlyph" */;
			productName = SwiftGlyph;
		};
/* End XCSwiftPackageProductDependency section */
	};
	rootObject = 96A79F9A2CD8076B00228DB3 /* Project object */;
}
