// !$*UTF8*$!
{
	archiveVersion = 1;
	classes = {
	};
	objectVersion = 54;
	objects = {

/* Begin PBXBuildFile section */
		45703F352B26A5FB00E8D9E1 /* SwiftGlyph in Frameworks */ = {isa = PBXBuildFile; productRef = 45703F342B26A5FB00E8D9E1 /* SwiftGlyph */; };
		45703F372B26A6AC00E8D9E1 /* SwiftGlyph in Frameworks */ = {isa = PBXBuildFile; productRef = 45703F362B26A6AC00E8D9E1 /* SwiftGlyph */; };
		45D761B02AE8AD6300B9DD92 /* SourceInfoPanelView.swift in Sources */ = {isa = PBXBuildFile; fileRef = B79F931A2750C3D900E46A96 /* SourceInfoPanelView.swift */; };
		B7083FC728ACAA0700881DF3 /* LookAtThat-Scratchbox.swift in Sources */ = {isa = PBXBuildFile; fileRef = B7083FC628ACAA0700881DF3 /* LookAtThat-Scratchbox.swift */; };
		B725168328C098AB0094F29B /* GlobalSearchView.swift in Sources */ = {isa = PBXBuildFile; fileRef = B725168228C098AB0094F29B /* GlobalSearchView.swift */; };
		B725168528C098AB0094F29B /* GlobalSearchView.swift in Sources */ = {isa = PBXBuildFile; fileRef = B725168228C098AB0094F29B /* GlobalSearchView.swift */; };
		B72C67712A3D073900D987E4 /* ReailtyDelegate.swift in Sources */ = {isa = PBXBuildFile; fileRef = B72C67702A3D073900D987E4 /* ReailtyDelegate.swift */; };
		B76576D028F0DDF5003617FC /* Collections in Frameworks */ = {isa = PBXBuildFile; productRef = B76576CF28F0DDF5003617FC /* Collections */; };
		B76576D228F0DDF5003617FC /* OrderedCollections in Frameworks */ = {isa = PBXBuildFile; productRef = B76576D128F0DDF5003617FC /* OrderedCollections */; };
		B768B6692821CC2C0098F8D0 /* LookAtThat-TracingTests.swift in Sources */ = {isa = PBXBuildFile; fileRef = B768B6682821CC2C0098F8D0 /* LookAtThat-TracingTests.swift */; };
		B79592E828A7615B00F16746 /* Algorithms in Frameworks */ = {isa = PBXBuildFile; productRef = B79592E728A7615B00F16746 /* Algorithms */; };
		B79F931B2750C3D900E46A96 /* SourceInfoPanelView.swift in Sources */ = {isa = PBXBuildFile; fileRef = B79F931A2750C3D900E46A96 /* SourceInfoPanelView.swift */; };
		B7AB37142745696000CEC7DD /* TestBundle.swift in Sources */ = {isa = PBXBuildFile; fileRef = B7AB37132745696000CEC7DD /* TestBundle.swift */; };
		B7AB371A27456A4A00CEC7DD /* CodeGridTests.swift in Sources */ = {isa = PBXBuildFile; fileRef = B7AB371927456A4A00CEC7DD /* CodeGridTests.swift */; };
		B7C69FF828A4526500A84860 /* Algorithms in Frameworks */ = {isa = PBXBuildFile; productRef = B7C69FF728A4526500A84860 /* Algorithms */; };
		B7CBD77228FCD0A600A918C2 /* Collections in Frameworks */ = {isa = PBXBuildFile; productRef = B7CBD77128FCD0A600A918C2 /* Collections */; };
		B7CBD77428FCD0A600A918C2 /* OrderedCollections in Frameworks */ = {isa = PBXBuildFile; productRef = B7CBD77328FCD0A600A918C2 /* OrderedCollections */; };
		B7D1871F28C44A0900BACAA1 /* Zip in Frameworks */ = {isa = PBXBuildFile; productRef = B7D1871E28C44A0900BACAA1 /* Zip */; };
		B7D1872128C57AFA00BACAA1 /* Zip in Frameworks */ = {isa = PBXBuildFile; productRef = B7D1872028C57AFA00BACAA1 /* Zip */; };
		B7D79AB3282B2BC6000F99EB /* CodePagesTests.swift in Sources */ = {isa = PBXBuildFile; fileRef = B7D79AB2282B2BC6000F99EB /* CodePagesTests.swift */; };
		F00FC730250C53460092AFF9 /* AppDelegate.swift in Sources */ = {isa = PBXBuildFile; fileRef = F00FC72F250C53460092AFF9 /* AppDelegate.swift */; };
		F00FC732250C53460092AFF9 /* MacAppRootView.swift in Sources */ = {isa = PBXBuildFile; fileRef = F00FC731250C53460092AFF9 /* MacAppRootView.swift */; };
		F00FC734250C53470092AFF9 /* Assets.xcassets in Resources */ = {isa = PBXBuildFile; fileRef = F00FC733250C53470092AFF9 /* Assets.xcassets */; };
		F00FC737250C53470092AFF9 /* Preview Assets.xcassets in Resources */ = {isa = PBXBuildFile; fileRef = F00FC736250C53470092AFF9 /* Preview Assets.xcassets */; };
		F00FC73A250C53470092AFF9 /* Main.storyboard in Resources */ = {isa = PBXBuildFile; fileRef = F00FC738250C53470092AFF9 /* Main.storyboard */; };
		F057D20B2520328C0094BD83 /* LaunchScreen.storyboard in Resources */ = {isa = PBXBuildFile; fileRef = F057D2092520328C0094BD83 /* LaunchScreen.storyboard */; };
		F07C49C8251C095200F28173 /* LookAtThat_AppKitTests.swift in Sources */ = {isa = PBXBuildFile; fileRef = F07C49C7251C095200F28173 /* LookAtThat_AppKitTests.swift */; };
		F07C49EA251C5AE800F28173 /* AppDelegate.swift in Sources */ = {isa = PBXBuildFile; fileRef = F07C49E9251C5AE800F28173 /* AppDelegate.swift */; };
		F07C49EC251C5AE800F28173 /* MobileAppRootView.swift in Sources */ = {isa = PBXBuildFile; fileRef = F07C49EB251C5AE800F28173 /* MobileAppRootView.swift */; };
		F07C49F0251C5AE900F28173 /* Assets.xcassets in Resources */ = {isa = PBXBuildFile; fileRef = F07C49EF251C5AE900F28173 /* Assets.xcassets */; };
		F07C49F3251C5AE900F28173 /* Preview Assets.xcassets in Resources */ = {isa = PBXBuildFile; fileRef = F07C49F2251C5AE900F28173 /* Preview Assets.xcassets */; };
/* End PBXBuildFile section */

/* Begin PBXContainerItemProxy section */
		F07C49CA251C095200F28173 /* PBXContainerItemProxy */ = {
			isa = PBXContainerItemProxy;
			containerPortal = F00FC724250C53460092AFF9 /* Project object */;
			proxyType = 1;
			remoteGlobalIDString = F00FC72B250C53460092AFF9;
			remoteInfo = LookAtThat_AppKit;
		};
/* End PBXContainerItemProxy section */

/* Begin PBXCopyFilesBuildPhase section */
		B7D7CC8126782CCA00105AFB /* Embed Frameworks */ = {
			isa = PBXCopyFilesBuildPhase;
			buildActionMask = 2147483647;
			dstPath = "";
			dstSubfolderSpec = 10;
			files = (
			);
			name = "Embed Frameworks";
			runOnlyForDeploymentPostprocessing = 0;
		};
		B7D9C0842894B884003FEDA6 /* Embed Foundation Extensions */ = {
			isa = PBXCopyFilesBuildPhase;
			buildActionMask = 2147483647;
			dstPath = "";
			dstSubfolderSpec = 13;
			files = (
			);
			name = "Embed Foundation Extensions";
			runOnlyForDeploymentPostprocessing = 0;
		};
		F027B18E2512EEB100294F30 /* CopyFiles */ = {
			isa = PBXCopyFilesBuildPhase;
			buildActionMask = 12;
			dstPath = "";
			dstSubfolderSpec = 10;
			files = (
			);
			runOnlyForDeploymentPostprocessing = 0;
		};
		F0A29E8E253957A8009108C4 /* Embed Libraries */ = {
			isa = PBXCopyFilesBuildPhase;
			buildActionMask = 2147483647;
			dstPath = "";
			dstSubfolderSpec = 10;
			files = (
			);
			name = "Embed Libraries";
			runOnlyForDeploymentPostprocessing = 0;
		};
/* End PBXCopyFilesBuildPhase section */

/* Begin PBXFileReference section */
		B7083FC628ACAA0700881DF3 /* LookAtThat-Scratchbox.swift */ = {isa = PBXFileReference; lastKnownFileType = sourcecode.swift; path = "LookAtThat-Scratchbox.swift"; sourceTree = "<group>"; };
		B725168228C098AB0094F29B /* GlobalSearchView.swift */ = {isa = PBXFileReference; lastKnownFileType = sourcecode.swift; path = GlobalSearchView.swift; sourceTree = "<group>"; };
		B72C67702A3D073900D987E4 /* ReailtyDelegate.swift */ = {isa = PBXFileReference; lastKnownFileType = sourcecode.swift; path = ReailtyDelegate.swift; sourceTree = "<group>"; };
		B768B6682821CC2C0098F8D0 /* LookAtThat-TracingTests.swift */ = {isa = PBXFileReference; lastKnownFileType = sourcecode.swift; path = "LookAtThat-TracingTests.swift"; sourceTree = "<group>"; };
		B79F931A2750C3D900E46A96 /* SourceInfoPanelView.swift */ = {isa = PBXFileReference; lastKnownFileType = sourcecode.swift; path = SourceInfoPanelView.swift; sourceTree = "<group>"; };
		B7AB37132745696000CEC7DD /* TestBundle.swift */ = {isa = PBXFileReference; lastKnownFileType = sourcecode.swift; path = TestBundle.swift; sourceTree = "<group>"; };
		B7AB371927456A4A00CEC7DD /* CodeGridTests.swift */ = {isa = PBXFileReference; lastKnownFileType = sourcecode.swift; path = CodeGridTests.swift; sourceTree = "<group>"; };
		B7D79AB2282B2BC6000F99EB /* CodePagesTests.swift */ = {isa = PBXFileReference; lastKnownFileType = sourcecode.swift; path = CodePagesTests.swift; sourceTree = "<group>"; };
		B7D9C0762894B884003FEDA6 /* Cocoa.framework */ = {isa = PBXFileReference; lastKnownFileType = wrapper.framework; name = Cocoa.framework; path = System/Library/Frameworks/Cocoa.framework; sourceTree = SDKROOT; };
		B7D9C0782894B884003FEDA6 /* XcodeKit.framework */ = {isa = PBXFileReference; lastKnownFileType = wrapper.framework; name = XcodeKit.framework; path = Library/Frameworks/XcodeKit.framework; sourceTree = DEVELOPER_DIR; };
		B7E7FBEB2904B3F400EC304F /* find_git_files.swift */ = {isa = PBXFileReference; lastKnownFileType = sourcecode.swift; path = find_git_files.swift; sourceTree = "<group>"; };
		F00FC72C250C53460092AFF9 /* SwiftGlyphsHI.app */ = {isa = PBXFileReference; explicitFileType = wrapper.application; includeInIndex = 0; path = SwiftGlyphsHI.app; sourceTree = BUILT_PRODUCTS_DIR; };
		F00FC72F250C53460092AFF9 /* AppDelegate.swift */ = {isa = PBXFileReference; lastKnownFileType = sourcecode.swift; path = AppDelegate.swift; sourceTree = "<group>"; };
		F00FC731250C53460092AFF9 /* MacAppRootView.swift */ = {isa = PBXFileReference; lastKnownFileType = sourcecode.swift; path = MacAppRootView.swift; sourceTree = "<group>"; };
		F00FC733250C53470092AFF9 /* Assets.xcassets */ = {isa = PBXFileReference; lastKnownFileType = folder.assetcatalog; path = Assets.xcassets; sourceTree = "<group>"; };
		F00FC736250C53470092AFF9 /* Preview Assets.xcassets */ = {isa = PBXFileReference; lastKnownFileType = folder.assetcatalog; path = "Preview Assets.xcassets"; sourceTree = "<group>"; };
		F00FC739250C53470092AFF9 /* Base */ = {isa = PBXFileReference; lastKnownFileType = file.storyboard; name = Base; path = Base.lproj/Main.storyboard; sourceTree = "<group>"; };
		F00FC73B250C53470092AFF9 /* Info.plist */ = {isa = PBXFileReference; lastKnownFileType = text.plist.xml; path = Info.plist; sourceTree = "<group>"; };
		F00FC73C250C53470092AFF9 /* LookAtThat_AppKit.entitlements */ = {isa = PBXFileReference; lastKnownFileType = text.plist.entitlements; path = LookAtThat_AppKit.entitlements; sourceTree = "<group>"; };
		F038D911252E7C1600A9E6BC /* SCP-Bridging-Header.h */ = {isa = PBXFileReference; lastKnownFileType = sourcecode.c.h; path = "SCP-Bridging-Header.h"; sourceTree = "<group>"; };
		F057D2092520328C0094BD83 /* LaunchScreen.storyboard */ = {isa = PBXFileReference; lastKnownFileType = file.storyboard; path = LaunchScreen.storyboard; sourceTree = "<group>"; };
		F06C33D9251F1CBC00553039 /* LookAtThatMobile.entitlements */ = {isa = PBXFileReference; lastKnownFileType = text.plist.entitlements; path = LookAtThatMobile.entitlements; sourceTree = "<group>"; };
		F07C49C5251C095200F28173 /* LookAtThat_Tests.xctest */ = {isa = PBXFileReference; explicitFileType = wrapper.cfbundle; includeInIndex = 0; path = LookAtThat_Tests.xctest; sourceTree = BUILT_PRODUCTS_DIR; };
		F07C49C7251C095200F28173 /* LookAtThat_AppKitTests.swift */ = {isa = PBXFileReference; lastKnownFileType = sourcecode.swift; path = LookAtThat_AppKitTests.swift; sourceTree = "<group>"; };
		F07C49C9251C095200F28173 /* Info.plist */ = {isa = PBXFileReference; lastKnownFileType = text.plist.xml; path = Info.plist; sourceTree = "<group>"; };
		F07C49E7251C5AE800F28173 /* SwiftGlyphsLO.app */ = {isa = PBXFileReference; explicitFileType = wrapper.application; includeInIndex = 0; path = SwiftGlyphsLO.app; sourceTree = BUILT_PRODUCTS_DIR; };
		F07C49E9251C5AE800F28173 /* AppDelegate.swift */ = {isa = PBXFileReference; lastKnownFileType = sourcecode.swift; path = AppDelegate.swift; sourceTree = "<group>"; };
		F07C49EB251C5AE800F28173 /* MobileAppRootView.swift */ = {isa = PBXFileReference; lastKnownFileType = sourcecode.swift; path = MobileAppRootView.swift; sourceTree = "<group>"; };
		F07C49EF251C5AE900F28173 /* Assets.xcassets */ = {isa = PBXFileReference; lastKnownFileType = folder.assetcatalog; path = Assets.xcassets; sourceTree = "<group>"; };
		F07C49F2251C5AE900F28173 /* Preview Assets.xcassets */ = {isa = PBXFileReference; lastKnownFileType = folder.assetcatalog; path = "Preview Assets.xcassets"; sourceTree = "<group>"; };
		F07C49F4251C5AE900F28173 /* Info.plist */ = {isa = PBXFileReference; lastKnownFileType = text.plist.xml; path = Info.plist; sourceTree = "<group>"; };
/* End PBXFileReference section */

/* Begin PBXFrameworksBuildPhase section */
		F00FC729250C53460092AFF9 /* Frameworks */ = {
			isa = PBXFrameworksBuildPhase;
			buildActionMask = 2147483647;
			files = (
				B76576D228F0DDF5003617FC /* OrderedCollections in Frameworks */,
				45703F352B26A5FB00E8D9E1 /* SwiftGlyph in Frameworks */,
				B7C69FF828A4526500A84860 /* Algorithms in Frameworks */,
				B76576D028F0DDF5003617FC /* Collections in Frameworks */,
				B7D1871F28C44A0900BACAA1 /* Zip in Frameworks */,
			);
			runOnlyForDeploymentPostprocessing = 0;
		};
		F07C49C2251C095200F28173 /* Frameworks */ = {
			isa = PBXFrameworksBuildPhase;
			buildActionMask = 2147483647;
			files = (
			);
			runOnlyForDeploymentPostprocessing = 0;
		};
		F07C49E4251C5AE800F28173 /* Frameworks */ = {
			isa = PBXFrameworksBuildPhase;
			buildActionMask = 2147483647;
			files = (
				B7CBD77228FCD0A600A918C2 /* Collections in Frameworks */,
				B7D1872128C57AFA00BACAA1 /* Zip in Frameworks */,
				B79592E828A7615B00F16746 /* Algorithms in Frameworks */,
				B7CBD77428FCD0A600A918C2 /* OrderedCollections in Frameworks */,
				45703F372B26A6AC00E8D9E1 /* SwiftGlyph in Frameworks */,
			);
			runOnlyForDeploymentPostprocessing = 0;
		};
/* End PBXFrameworksBuildPhase section */

/* Begin PBXGroup section */
		B79F93192750C3B000E46A96 /* Semantics */ = {
			isa = PBXGroup;
			children = (
				B79F931A2750C3D900E46A96 /* SourceInfoPanelView.swift */,
				B725168228C098AB0094F29B /* GlobalSearchView.swift */,
			);
			path = Semantics;
			sourceTree = "<group>";
		};
		B7AB371827456A3500CEC7DD /* CodeGrid */ = {
			isa = PBXGroup;
			children = (
				B7083FC628ACAA0700881DF3 /* LookAtThat-Scratchbox.swift */,
				B7AB371927456A4A00CEC7DD /* CodeGridTests.swift */,
				B7D79AB2282B2BC6000F99EB /* CodePagesTests.swift */,
			);
			path = CodeGrid;
			sourceTree = "<group>";
		};
		B7F74EEF28921CE8004C5F8F /* Playgrounds */ = {
			isa = PBXGroup;
			children = (
				B7E7FBEB2904B3F400EC304F /* find_git_files.swift */,
			);
			path = Playgrounds;
			sourceTree = "<group>";
		};
		F00FC723250C53460092AFF9 = {
			isa = PBXGroup;
			children = (
				B7F74EEF28921CE8004C5F8F /* Playgrounds */,
				F00FC72E250C53460092AFF9 /* LookAtThat_AppKit */,
				F07C49E8251C5AE800F28173 /* LookAtThatMobile */,
				F07C49C6251C095200F28173 /* LookAtThat_AppKitTests */,
				F00FC72D250C53460092AFF9 /* Products */,
				F027B1852512EAAE00294F30 /* Frameworks */,
			);
			sourceTree = "<group>";
		};
		F00FC72D250C53460092AFF9 /* Products */ = {
			isa = PBXGroup;
			children = (
				F00FC72C250C53460092AFF9 /* SwiftGlyphsHI.app */,
				F07C49C5251C095200F28173 /* LookAtThat_Tests.xctest */,
				F07C49E7251C5AE800F28173 /* SwiftGlyphsLO.app */,
			);
			name = Products;
			sourceTree = "<group>";
		};
		F00FC72E250C53460092AFF9 /* LookAtThat_AppKit */ = {
			isa = PBXGroup;
			children = (
				F030B8D92519039A00B94E7A /* SwiftUIViews */,
				F00FC735250C53470092AFF9 /* Preview Content */,
				F00FC72F250C53460092AFF9 /* AppDelegate.swift */,
				F00FC73C250C53470092AFF9 /* LookAtThat_AppKit.entitlements */,
				F00FC73B250C53470092AFF9 /* Info.plist */,
				F00FC733250C53470092AFF9 /* Assets.xcassets */,
				F00FC738250C53470092AFF9 /* Main.storyboard */,
				F038D911252E7C1600A9E6BC /* SCP-Bridging-Header.h */,
			);
			path = LookAtThat_AppKit;
			sourceTree = "<group>";
		};
		F00FC735250C53470092AFF9 /* Preview Content */ = {
			isa = PBXGroup;
			children = (
				F00FC736250C53470092AFF9 /* Preview Assets.xcassets */,
			);
			path = "Preview Content";
			sourceTree = "<group>";
		};
		F027B1852512EAAE00294F30 /* Frameworks */ = {
			isa = PBXGroup;
			children = (
				B7D9C0762894B884003FEDA6 /* Cocoa.framework */,
				B7D9C0782894B884003FEDA6 /* XcodeKit.framework */,
			);
			name = Frameworks;
			sourceTree = "<group>";
		};
		F030B8D92519039A00B94E7A /* SwiftUIViews */ = {
			isa = PBXGroup;
			children = (
				B79F93192750C3B000E46A96 /* Semantics */,
				F00FC731250C53460092AFF9 /* MacAppRootView.swift */,
			);
			path = SwiftUIViews;
			sourceTree = "<group>";
		};
		F07C49C6251C095200F28173 /* LookAtThat_AppKitTests */ = {
			isa = PBXGroup;
			children = (
				B7AB371827456A3500CEC7DD /* CodeGrid */,
				F07C49C7251C095200F28173 /* LookAtThat_AppKitTests.swift */,
				B768B6682821CC2C0098F8D0 /* LookAtThat-TracingTests.swift */,
				B7AB37132745696000CEC7DD /* TestBundle.swift */,
				F07C49C9251C095200F28173 /* Info.plist */,
			);
			path = LookAtThat_AppKitTests;
			sourceTree = "<group>";
		};
		F07C49E8251C5AE800F28173 /* LookAtThatMobile */ = {
			isa = PBXGroup;
			children = (
				F07C49F1251C5AE900F28173 /* Preview Content */,
				F07C49E9251C5AE800F28173 /* AppDelegate.swift */,
				B72C67702A3D073900D987E4 /* ReailtyDelegate.swift */,
				F07C49EB251C5AE800F28173 /* MobileAppRootView.swift */,
				F06C33D9251F1CBC00553039 /* LookAtThatMobile.entitlements */,
				F07C49EF251C5AE900F28173 /* Assets.xcassets */,
				F07C49F4251C5AE900F28173 /* Info.plist */,
				F057D2092520328C0094BD83 /* LaunchScreen.storyboard */,
			);
			path = LookAtThatMobile;
			sourceTree = "<group>";
		};
		F07C49F1251C5AE900F28173 /* Preview Content */ = {
			isa = PBXGroup;
			children = (
				F07C49F2251C5AE900F28173 /* Preview Assets.xcassets */,
			);
			path = "Preview Content";
			sourceTree = "<group>";
		};
/* End PBXGroup section */

/* Begin PBXHeadersBuildPhase section */
		B7C75722280CF2FF0005A233 /* Headers */ = {
			isa = PBXHeadersBuildPhase;
			buildActionMask = 2147483647;
			files = (
			);
			runOnlyForDeploymentPostprocessing = 0;
		};
		B7C75726280CF3130005A233 /* Headers */ = {
			isa = PBXHeadersBuildPhase;
			buildActionMask = 2147483647;
			files = (
			);
			runOnlyForDeploymentPostprocessing = 0;
		};
/* End PBXHeadersBuildPhase section */

/* Begin PBXNativeTarget section */
		F00FC72B250C53460092AFF9 /* SwiftGlyphsHI */ = {
			isa = PBXNativeTarget;
			buildConfigurationList = F00FC73F250C53470092AFF9 /* Build configuration list for PBXNativeTarget "SwiftGlyphsHI" */;
			buildPhases = (
				B7C75722280CF2FF0005A233 /* Headers */,
				F00FC728250C53460092AFF9 /* Sources */,
				F00FC729250C53460092AFF9 /* Frameworks */,
				F00FC72A250C53460092AFF9 /* Resources */,
				F027B18E2512EEB100294F30 /* CopyFiles */,
				B7D9C0842894B884003FEDA6 /* Embed Foundation Extensions */,
			);
			buildRules = (
			);
			dependencies = (
			);
			name = SwiftGlyphsHI;
			packageProductDependencies = (
				B7C69FF728A4526500A84860 /* Algorithms */,
				B7D1871E28C44A0900BACAA1 /* Zip */,
				B76576CF28F0DDF5003617FC /* Collections */,
				B76576D128F0DDF5003617FC /* OrderedCollections */,
				45703F342B26A5FB00E8D9E1 /* SwiftGlyph */,
			);
			productName = LookAtThat_AppKit;
			productReference = F00FC72C250C53460092AFF9 /* SwiftGlyphsHI.app */;
			productType = "com.apple.product-type.application";
		};
		F07C49C4251C095200F28173 /* LookAtThat_Tests */ = {
			isa = PBXNativeTarget;
			buildConfigurationList = F07C49CE251C095200F28173 /* Build configuration list for PBXNativeTarget "LookAtThat_Tests" */;
			buildPhases = (
				F07C49C1251C095200F28173 /* Sources */,
				F07C49C2251C095200F28173 /* Frameworks */,
				F07C49C3251C095200F28173 /* Resources */,
				B7D7CC8126782CCA00105AFB /* Embed Frameworks */,
			);
			buildRules = (
			);
			dependencies = (
				F07C49CB251C095200F28173 /* PBXTargetDependency */,
			);
			name = LookAtThat_Tests;
			packageProductDependencies = (
			);
			productName = LookAtThat_AppKitTests;
			productReference = F07C49C5251C095200F28173 /* LookAtThat_Tests.xctest */;
			productType = "com.apple.product-type.bundle.unit-test";
		};
		F07C49E6251C5AE800F28173 /* SwiftGlyphsLO */ = {
			isa = PBXNativeTarget;
			buildConfigurationList = F07C49F7251C5AE900F28173 /* Build configuration list for PBXNativeTarget "SwiftGlyphsLO" */;
			buildPhases = (
				B7C75726280CF3130005A233 /* Headers */,
				F07C49E3251C5AE800F28173 /* Sources */,
				F07C49E4251C5AE800F28173 /* Frameworks */,
				F07C49E5251C5AE800F28173 /* Resources */,
				F0A29E8E253957A8009108C4 /* Embed Libraries */,
			);
			buildRules = (
			);
			dependencies = (
			);
			name = SwiftGlyphsLO;
			packageProductDependencies = (
				B79592E728A7615B00F16746 /* Algorithms */,
				B7D1872028C57AFA00BACAA1 /* Zip */,
				B7CBD77128FCD0A600A918C2 /* Collections */,
				B7CBD77328FCD0A600A918C2 /* OrderedCollections */,
				45703F362B26A6AC00E8D9E1 /* SwiftGlyph */,
			);
			productName = LookAtThatMobile;
			productReference = F07C49E7251C5AE800F28173 /* SwiftGlyphsLO.app */;
			productType = "com.apple.product-type.application";
		};
/* End PBXNativeTarget section */

/* Begin PBXProject section */
		F00FC724250C53460092AFF9 /* Project object */ = {
			isa = PBXProject;
			attributes = {
				BuildIndependentTargetsInParallel = YES;
				LastSwiftUpdateCheck = 1340;
				LastUpgradeCheck = 1500;
				TargetAttributes = {
					F00FC72B250C53460092AFF9 = {
						CreatedOnToolsVersion = 12.0;
						LastSwiftMigration = 1200;
					};
					F07C49C4251C095200F28173 = {
						CreatedOnToolsVersion = 12.0;
						TestTargetID = F00FC72B250C53460092AFF9;
					};
					F07C49E6251C5AE800F28173 = {
						CreatedOnToolsVersion = 12.0;
					};
				};
			};
			buildConfigurationList = F00FC727250C53460092AFF9 /* Build configuration list for PBXProject "LookAtThat_AppKit" */;
			compatibilityVersion = "Xcode 9.3";
			developmentRegion = en;
			hasScannedForEncodings = 0;
			knownRegions = (
				en,
				Base,
			);
			mainGroup = F00FC723250C53460092AFF9;
			packageReferences = (
				B7C69FF628A4526500A84860 /* XCRemoteSwiftPackageReference "swift-algorithms" */,
				B7D1871D28C44A0900BACAA1 /* XCRemoteSwiftPackageReference "Zip" */,
				B76576CE28F0DDF5003617FC /* XCRemoteSwiftPackageReference "swift-collections" */,
				45A86F502B26927100D44695 /* XCRemoteSwiftPackageReference "SwiftGlyph" */,
			);
			productRefGroup = F00FC72D250C53460092AFF9 /* Products */;
			projectDirPath = "";
			projectRoot = "";
			targets = (
				F00FC72B250C53460092AFF9 /* SwiftGlyphsHI */,
				F07C49E6251C5AE800F28173 /* SwiftGlyphsLO */,
				F07C49C4251C095200F28173 /* LookAtThat_Tests */,
			);
		};
/* End PBXProject section */

/* Begin PBXResourcesBuildPhase section */
		F00FC72A250C53460092AFF9 /* Resources */ = {
			isa = PBXResourcesBuildPhase;
			buildActionMask = 2147483647;
			files = (
				F00FC73A250C53470092AFF9 /* Main.storyboard in Resources */,
				F00FC737250C53470092AFF9 /* Preview Assets.xcassets in Resources */,
				F00FC734250C53470092AFF9 /* Assets.xcassets in Resources */,
			);
			runOnlyForDeploymentPostprocessing = 0;
		};
		F07C49C3251C095200F28173 /* Resources */ = {
			isa = PBXResourcesBuildPhase;
			buildActionMask = 2147483647;
			files = (
			);
			runOnlyForDeploymentPostprocessing = 0;
		};
		F07C49E5251C5AE800F28173 /* Resources */ = {
			isa = PBXResourcesBuildPhase;
			buildActionMask = 2147483647;
			files = (
				F07C49F3251C5AE900F28173 /* Preview Assets.xcassets in Resources */,
				F057D20B2520328C0094BD83 /* LaunchScreen.storyboard in Resources */,
				F07C49F0251C5AE900F28173 /* Assets.xcassets in Resources */,
			);
			runOnlyForDeploymentPostprocessing = 0;
		};
/* End PBXResourcesBuildPhase section */

/* Begin PBXSourcesBuildPhase section */
		F00FC728250C53460092AFF9 /* Sources */ = {
			isa = PBXSourcesBuildPhase;
			buildActionMask = 2147483647;
			files = (
				B79F931B2750C3D900E46A96 /* SourceInfoPanelView.swift in Sources */,
				B725168328C098AB0094F29B /* GlobalSearchView.swift in Sources */,
				F00FC732250C53460092AFF9 /* MacAppRootView.swift in Sources */,
				F00FC730250C53460092AFF9 /* AppDelegate.swift in Sources */,
			);
			runOnlyForDeploymentPostprocessing = 0;
		};
		F07C49C1251C095200F28173 /* Sources */ = {
			isa = PBXSourcesBuildPhase;
			buildActionMask = 2147483647;
			files = (
				B7AB37142745696000CEC7DD /* TestBundle.swift in Sources */,
				B7083FC728ACAA0700881DF3 /* LookAtThat-Scratchbox.swift in Sources */,
				B7D79AB3282B2BC6000F99EB /* CodePagesTests.swift in Sources */,
				F07C49C8251C095200F28173 /* LookAtThat_AppKitTests.swift in Sources */,
				B7AB371A27456A4A00CEC7DD /* CodeGridTests.swift in Sources */,
				B768B6692821CC2C0098F8D0 /* LookAtThat-TracingTests.swift in Sources */,
			);
			runOnlyForDeploymentPostprocessing = 0;
		};
		F07C49E3251C5AE800F28173 /* Sources */ = {
			isa = PBXSourcesBuildPhase;
			buildActionMask = 2147483647;
			files = (
				F07C49EC251C5AE800F28173 /* MobileAppRootView.swift in Sources */,
				B72C67712A3D073900D987E4 /* ReailtyDelegate.swift in Sources */,
				F07C49EA251C5AE800F28173 /* AppDelegate.swift in Sources */,
				45D761B02AE8AD6300B9DD92 /* SourceInfoPanelView.swift in Sources */,
				B725168528C098AB0094F29B /* GlobalSearchView.swift in Sources */,
			);
			runOnlyForDeploymentPostprocessing = 0;
		};
/* End PBXSourcesBuildPhase section */

/* Begin PBXTargetDependency section */
		F07C49CB251C095200F28173 /* PBXTargetDependency */ = {
			isa = PBXTargetDependency;
			target = F00FC72B250C53460092AFF9 /* SwiftGlyphsHI */;
			targetProxy = F07C49CA251C095200F28173 /* PBXContainerItemProxy */;
		};
/* End PBXTargetDependency section */

/* Begin PBXVariantGroup section */
		F00FC738250C53470092AFF9 /* Main.storyboard */ = {
			isa = PBXVariantGroup;
			children = (
				F00FC739250C53470092AFF9 /* Base */,
			);
			name = Main.storyboard;
			sourceTree = "<group>";
		};
/* End PBXVariantGroup section */

/* Begin XCBuildConfiguration section */
		F00FC73D250C53470092AFF9 /* Debug */ = {
			isa = XCBuildConfiguration;
			buildSettings = {
				ALWAYS_SEARCH_USER_PATHS = NO;
				ASSETCATALOG_COMPILER_GENERATE_SWIFT_ASSET_SYMBOL_EXTENSIONS = YES;
				CLANG_ANALYZER_NONNULL = YES;
				CLANG_ANALYZER_NUMBER_OBJECT_CONVERSION = YES_AGGRESSIVE;
				CLANG_CXX_LANGUAGE_STANDARD = "gnu++14";
				CLANG_CXX_LIBRARY = "libc++";
				CLANG_ENABLE_MODULES = YES;
				CLANG_ENABLE_OBJC_ARC = YES;
				CLANG_ENABLE_OBJC_WEAK = YES;
				CLANG_WARN_BLOCK_CAPTURE_AUTORELEASING = YES;
				CLANG_WARN_BOOL_CONVERSION = YES;
				CLANG_WARN_COMMA = YES;
				CLANG_WARN_CONSTANT_CONVERSION = YES;
				CLANG_WARN_DEPRECATED_OBJC_IMPLEMENTATIONS = YES;
				CLANG_WARN_DIRECT_OBJC_ISA_USAGE = YES_ERROR;
				CLANG_WARN_DOCUMENTATION_COMMENTS = YES;
				CLANG_WARN_EMPTY_BODY = YES;
				CLANG_WARN_ENUM_CONVERSION = YES;
				CLANG_WARN_INFINITE_RECURSION = YES;
				CLANG_WARN_INT_CONVERSION = YES;
				CLANG_WARN_NON_LITERAL_NULL_CONVERSION = YES;
				CLANG_WARN_OBJC_IMPLICIT_RETAIN_SELF = YES;
				CLANG_WARN_OBJC_LITERAL_CONVERSION = YES;
				CLANG_WARN_OBJC_ROOT_CLASS = YES_ERROR;
				CLANG_WARN_QUOTED_INCLUDE_IN_FRAMEWORK_HEADER = YES;
				CLANG_WARN_RANGE_LOOP_ANALYSIS = YES;
				CLANG_WARN_STRICT_PROTOTYPES = YES;
				CLANG_WARN_SUSPICIOUS_MOVE = YES;
				CLANG_WARN_UNGUARDED_AVAILABILITY = YES_AGGRESSIVE;
				CLANG_WARN_UNREACHABLE_CODE = YES;
				CLANG_WARN__DUPLICATE_METHOD_MATCH = YES;
				COPY_PHASE_STRIP = NO;
				DEBUG_INFORMATION_FORMAT = dwarf;
				ENABLE_STRICT_OBJC_MSGSEND = YES;
				ENABLE_TESTABILITY = YES;
				GCC_C_LANGUAGE_STANDARD = gnu11;
				GCC_DYNAMIC_NO_PIC = NO;
				GCC_NO_COMMON_BLOCKS = YES;
				GCC_OPTIMIZATION_LEVEL = 0;
				GCC_PREPROCESSOR_DEFINITIONS = (
					"DEBUG=1",
					"$(inherited)",
				);
				GCC_WARN_64_TO_32_BIT_CONVERSION = YES;
				GCC_WARN_ABOUT_RETURN_TYPE = YES_ERROR;
				GCC_WARN_UNDECLARED_SELECTOR = YES;
				GCC_WARN_UNINITIALIZED_AUTOS = YES_AGGRESSIVE;
				GCC_WARN_UNUSED_FUNCTION = YES;
				GCC_WARN_UNUSED_VARIABLE = YES;
				HEADER_SEARCH_PATHS = "$(SRCROOT)/**";
				IPHONEOS_DEPLOYMENT_TARGET = 16.0;
				MACOSX_DEPLOYMENT_TARGET = 13.0;
				MTL_ENABLE_DEBUG_INFO = INCLUDE_SOURCE;
				MTL_FAST_MATH = YES;
				ONLY_ACTIVE_ARCH = YES;
				OTHER_LDFLAGS = (
					"-Xlinker",
					"-interposable",
				);
				SDKROOT = macosx;
				SWIFT_ACTIVE_COMPILATION_CONDITIONS = DEBUG;
				SWIFT_OPTIMIZATION_LEVEL = "-Onone";
				SWIFT_VERSION = "";
			};
			name = Debug;
		};
		F00FC73E250C53470092AFF9 /* Release */ = {
			isa = XCBuildConfiguration;
			buildSettings = {
				ALWAYS_SEARCH_USER_PATHS = NO;
				ASSETCATALOG_COMPILER_GENERATE_SWIFT_ASSET_SYMBOL_EXTENSIONS = YES;
				CLANG_ANALYZER_NONNULL = YES;
				CLANG_ANALYZER_NUMBER_OBJECT_CONVERSION = YES_AGGRESSIVE;
				CLANG_CXX_LANGUAGE_STANDARD = "gnu++14";
				CLANG_CXX_LIBRARY = "libc++";
				CLANG_ENABLE_MODULES = YES;
				CLANG_ENABLE_OBJC_ARC = YES;
				CLANG_ENABLE_OBJC_WEAK = YES;
				CLANG_WARN_BLOCK_CAPTURE_AUTORELEASING = YES;
				CLANG_WARN_BOOL_CONVERSION = YES;
				CLANG_WARN_COMMA = YES;
				CLANG_WARN_CONSTANT_CONVERSION = YES;
				CLANG_WARN_DEPRECATED_OBJC_IMPLEMENTATIONS = YES;
				CLANG_WARN_DIRECT_OBJC_ISA_USAGE = YES_ERROR;
				CLANG_WARN_DOCUMENTATION_COMMENTS = YES;
				CLANG_WARN_EMPTY_BODY = YES;
				CLANG_WARN_ENUM_CONVERSION = YES;
				CLANG_WARN_INFINITE_RECURSION = YES;
				CLANG_WARN_INT_CONVERSION = YES;
				CLANG_WARN_NON_LITERAL_NULL_CONVERSION = YES;
				CLANG_WARN_OBJC_IMPLICIT_RETAIN_SELF = YES;
				CLANG_WARN_OBJC_LITERAL_CONVERSION = YES;
				CLANG_WARN_OBJC_ROOT_CLASS = YES_ERROR;
				CLANG_WARN_QUOTED_INCLUDE_IN_FRAMEWORK_HEADER = YES;
				CLANG_WARN_RANGE_LOOP_ANALYSIS = YES;
				CLANG_WARN_STRICT_PROTOTYPES = YES;
				CLANG_WARN_SUSPICIOUS_MOVE = YES;
				CLANG_WARN_UNGUARDED_AVAILABILITY = YES_AGGRESSIVE;
				CLANG_WARN_UNREACHABLE_CODE = YES;
				CLANG_WARN__DUPLICATE_METHOD_MATCH = YES;
				COPY_PHASE_STRIP = NO;
				DEBUG_INFORMATION_FORMAT = "dwarf-with-dsym";
				ENABLE_NS_ASSERTIONS = NO;
				ENABLE_STRICT_OBJC_MSGSEND = YES;
				GCC_C_LANGUAGE_STANDARD = gnu11;
				GCC_NO_COMMON_BLOCKS = YES;
				GCC_WARN_64_TO_32_BIT_CONVERSION = YES;
				GCC_WARN_ABOUT_RETURN_TYPE = YES_ERROR;
				GCC_WARN_UNDECLARED_SELECTOR = YES;
				GCC_WARN_UNINITIALIZED_AUTOS = YES_AGGRESSIVE;
				GCC_WARN_UNUSED_FUNCTION = YES;
				GCC_WARN_UNUSED_VARIABLE = YES;
				HEADER_SEARCH_PATHS = "$(SRCROOT)/**";
				IPHONEOS_DEPLOYMENT_TARGET = 16.0;
				MACOSX_DEPLOYMENT_TARGET = 13.0;
				MTL_ENABLE_DEBUG_INFO = NO;
				MTL_FAST_MATH = YES;
				SDKROOT = macosx;
				SWIFT_COMPILATION_MODE = wholemodule;
				SWIFT_OPTIMIZATION_LEVEL = "-O";
				SWIFT_VERSION = "";
			};
			name = Release;
		};
		F00FC740250C53470092AFF9 /* Debug */ = {
			isa = XCBuildConfiguration;
			buildSettings = {
				ALWAYS_EMBED_SWIFT_STANDARD_LIBRARIES = YES;
				ASSETCATALOG_COMPILER_APPICON_NAME = AppIcon;
				ASSETCATALOG_COMPILER_GLOBAL_ACCENT_COLOR_NAME = AccentColor;
				CLANG_ENABLE_MODULES = YES;
				CODE_SIGN_ENTITLEMENTS = LookAtThat_AppKit/LookAtThat_AppKit.entitlements;
				CODE_SIGN_IDENTITY = "Apple Development";
				"CODE_SIGN_IDENTITY[sdk=macosx*]" = "-";
				CODE_SIGN_STYLE = Automatic;
				COMBINE_HIDPI_IMAGES = YES;
				DEBUG_INFORMATION_FORMAT = "dwarf-with-dsym";
				DEVELOPMENT_ASSET_PATHS = "\"LookAtThat_AppKit/Preview Content\"";
				DEVELOPMENT_TEAM = "";
				ENABLE_HARDENED_RUNTIME = YES;
				ENABLE_PREVIEWS = YES;
				INFOPLIST_FILE = LookAtThat_AppKit/Info.plist;
				INFOPLIST_KEY_LSApplicationCategoryType = "public.app-category.utilities";
				INFOPLIST_KEY_MetalCaptureEnabled = YES;
				LD_RUNPATH_SEARCH_PATHS = "$(inherited)";
				LIBRARY_SEARCH_PATHS = "$(inherited)";
				MACOSX_DEPLOYMENT_TARGET = 13.0;
				PRODUCT_BUNDLE_IDENTIFIER = "com.wallspaghetti.LookAtThat-AppKit";
				PRODUCT_NAME = "$(TARGET_NAME)";
				SWIFT_OPTIMIZATION_LEVEL = "-Onone";
				SWIFT_VERSION = 5.0;
			};
			name = Debug;
		};
		F00FC741250C53470092AFF9 /* Release */ = {
			isa = XCBuildConfiguration;
			buildSettings = {
				ALWAYS_EMBED_SWIFT_STANDARD_LIBRARIES = YES;
				ASSETCATALOG_COMPILER_APPICON_NAME = AppIcon;
				ASSETCATALOG_COMPILER_GLOBAL_ACCENT_COLOR_NAME = AccentColor;
				CLANG_ENABLE_MODULES = YES;
				CODE_SIGN_ENTITLEMENTS = LookAtThat_AppKit/LookAtThat_AppKit.entitlements;
				CODE_SIGN_IDENTITY = "Apple Development";
				"CODE_SIGN_IDENTITY[sdk=macosx*]" = "-";
				CODE_SIGN_STYLE = Automatic;
				COMBINE_HIDPI_IMAGES = YES;
				DEVELOPMENT_ASSET_PATHS = "\"LookAtThat_AppKit/Preview Content\"";
				DEVELOPMENT_TEAM = "";
				ENABLE_HARDENED_RUNTIME = YES;
				ENABLE_PREVIEWS = YES;
				INFOPLIST_FILE = LookAtThat_AppKit/Info.plist;
				INFOPLIST_KEY_LSApplicationCategoryType = "public.app-category.utilities";
				INFOPLIST_KEY_MetalCaptureEnabled = YES;
				LD_RUNPATH_SEARCH_PATHS = "$(inherited)";
				LIBRARY_SEARCH_PATHS = "$(inherited)";
				MACOSX_DEPLOYMENT_TARGET = 13.0;
				PRODUCT_BUNDLE_IDENTIFIER = "com.wallspaghetti.LookAtThat-AppKit";
				PRODUCT_NAME = "$(TARGET_NAME)";
				SWIFT_VERSION = 5.0;
			};
			name = Release;
		};
		F07C49CC251C095200F28173 /* Debug */ = {
			isa = XCBuildConfiguration;
			buildSettings = {
				BUNDLE_LOADER = "$(TEST_HOST)";
				"CODE_SIGN_IDENTITY[sdk=macosx*]" = "-";
				CODE_SIGN_STYLE = Automatic;
				COMBINE_HIDPI_IMAGES = YES;
				DEVELOPMENT_TEAM = 5F5H835QPF;
				INFOPLIST_FILE = LookAtThat_AppKitTests/Info.plist;
				LD_RUNPATH_SEARCH_PATHS = (
					"$(inherited)",
					"@executable_path/../Frameworks",
					"@loader_path/../Frameworks",
				);
				MACOSX_DEPLOYMENT_TARGET = 13.0;
				ONLY_ACTIVE_ARCH = YES;
				OTHER_LDFLAGS = (
					"-Xlinker",
					"-interposable",
				);
				PRODUCT_BUNDLE_IDENTIFIER = "com.wallspaghetti.LookAtThat-AppKitTests";
				PRODUCT_NAME = "$(TARGET_NAME)";
				SWIFT_VERSION = 5.0;
				TEST_HOST = "$(BUILT_PRODUCTS_DIR)/SwiftGlyphsHI.app/$(BUNDLE_EXECUTABLE_FOLDER_PATH)/SwiftGlyphsHI";
			};
			name = Debug;
		};
		F07C49CD251C095200F28173 /* Release */ = {
			isa = XCBuildConfiguration;
			buildSettings = {
				BUNDLE_LOADER = "$(TEST_HOST)";
				"CODE_SIGN_IDENTITY[sdk=macosx*]" = "-";
				CODE_SIGN_STYLE = Automatic;
				COMBINE_HIDPI_IMAGES = YES;
				DEVELOPMENT_TEAM = 5F5H835QPF;
				INFOPLIST_FILE = LookAtThat_AppKitTests/Info.plist;
				LD_RUNPATH_SEARCH_PATHS = (
					"$(inherited)",
					"@executable_path/../Frameworks",
					"@loader_path/../Frameworks",
				);
				MACOSX_DEPLOYMENT_TARGET = 13.0;
				PRODUCT_BUNDLE_IDENTIFIER = "com.wallspaghetti.LookAtThat-AppKitTests";
				PRODUCT_NAME = "$(TARGET_NAME)";
				SWIFT_VERSION = 5.0;
				TEST_HOST = "$(BUILT_PRODUCTS_DIR)/SwiftGlyphsHI.app/$(BUNDLE_EXECUTABLE_FOLDER_PATH)/SwiftGlyphsHI";
			};
			name = Release;
		};
		F07C49F5251C5AE900F28173 /* Debug */ = {
			isa = XCBuildConfiguration;
			buildSettings = {
				ASSETCATALOG_COMPILER_APPICON_NAME = AppIcon;
				ASSETCATALOG_COMPILER_GLOBAL_ACCENT_COLOR_NAME = AccentColor;
				CODE_SIGN_ENTITLEMENTS = LookAtThatMobile/LookAtThatMobile.entitlements;
				CODE_SIGN_IDENTITY = "Apple Development";
				CODE_SIGN_STYLE = Automatic;
				DEVELOPMENT_ASSET_PATHS = "\"LookAtThatMobile/Preview Content\"";
				DEVELOPMENT_TEAM = "";
				ENABLE_BITCODE = NO;
				ENABLE_PREVIEWS = YES;
				INFOPLIST_FILE = LookAtThatMobile/Info.plist;
				IPHONEOS_DEPLOYMENT_TARGET = 16.0;
				LD_RUNPATH_SEARCH_PATHS = (
					"$(inherited)",
					"@executable_path/Frameworks",
				);
				LIBRARY_SEARCH_PATHS = "$(inherited)";
				MACOSX_DEPLOYMENT_TARGET = 12.0;
				PRODUCT_BUNDLE_IDENTIFIER = com.wallspaghetti.LookAtThatMobile;
				PRODUCT_NAME = "$(TARGET_NAME)";
				PROVISIONING_PROFILE_SPECIFIER = "";
				SDKROOT = iphoneos;
				SWIFT_VERSION = 5.0;
				TARGETED_DEVICE_FAMILY = "1,2";
			};
			name = Debug;
		};
		F07C49F6251C5AE900F28173 /* Release */ = {
			isa = XCBuildConfiguration;
			buildSettings = {
				ASSETCATALOG_COMPILER_APPICON_NAME = AppIcon;
				ASSETCATALOG_COMPILER_GLOBAL_ACCENT_COLOR_NAME = AccentColor;
				CODE_SIGN_ENTITLEMENTS = LookAtThatMobile/LookAtThatMobile.entitlements;
				CODE_SIGN_IDENTITY = "Apple Development";
				CODE_SIGN_STYLE = Automatic;
				DEVELOPMENT_ASSET_PATHS = "\"LookAtThatMobile/Preview Content\"";
				DEVELOPMENT_TEAM = "";
				ENABLE_BITCODE = NO;
				ENABLE_PREVIEWS = YES;
				INFOPLIST_FILE = LookAtThatMobile/Info.plist;
				IPHONEOS_DEPLOYMENT_TARGET = 16.0;
				LD_RUNPATH_SEARCH_PATHS = (
					"$(inherited)",
					"@executable_path/Frameworks",
				);
				LIBRARY_SEARCH_PATHS = "$(inherited)";
				MACOSX_DEPLOYMENT_TARGET = 12.0;
				PRODUCT_BUNDLE_IDENTIFIER = com.wallspaghetti.LookAtThatMobile;
				PRODUCT_NAME = "$(TARGET_NAME)";
				PROVISIONING_PROFILE_SPECIFIER = "";
				SDKROOT = iphoneos;
				SWIFT_VERSION = 5.0;
				TARGETED_DEVICE_FAMILY = "1,2";
				VALIDATE_PRODUCT = YES;
			};
			name = Release;
		};
/* End XCBuildConfiguration section */

/* Begin XCConfigurationList section */
		F00FC727250C53460092AFF9 /* Build configuration list for PBXProject "LookAtThat_AppKit" */ = {
			isa = XCConfigurationList;
			buildConfigurations = (
				F00FC73D250C53470092AFF9 /* Debug */,
				F00FC73E250C53470092AFF9 /* Release */,
			);
			defaultConfigurationIsVisible = 0;
			defaultConfigurationName = Release;
		};
		F00FC73F250C53470092AFF9 /* Build configuration list for PBXNativeTarget "SwiftGlyphsHI" */ = {
			isa = XCConfigurationList;
			buildConfigurations = (
				F00FC740250C53470092AFF9 /* Debug */,
				F00FC741250C53470092AFF9 /* Release */,
			);
			defaultConfigurationIsVisible = 0;
			defaultConfigurationName = Release;
		};
		F07C49CE251C095200F28173 /* Build configuration list for PBXNativeTarget "LookAtThat_Tests" */ = {
			isa = XCConfigurationList;
			buildConfigurations = (
				F07C49CC251C095200F28173 /* Debug */,
				F07C49CD251C095200F28173 /* Release */,
			);
			defaultConfigurationIsVisible = 0;
			defaultConfigurationName = Release;
		};
		F07C49F7251C5AE900F28173 /* Build configuration list for PBXNativeTarget "SwiftGlyphsLO" */ = {
			isa = XCConfigurationList;
			buildConfigurations = (
				F07C49F5251C5AE900F28173 /* Debug */,
				F07C49F6251C5AE900F28173 /* Release */,
			);
			defaultConfigurationIsVisible = 0;
			defaultConfigurationName = Release;
		};
/* End XCConfigurationList section */

/* Begin XCRemoteSwiftPackageReference section */
		45A86F502B26927100D44695 /* XCRemoteSwiftPackageReference "SwiftGlyph" */ = {
			isa = XCRemoteSwiftPackageReference;
			repositoryURL = "https://github.com/tikimcfee/SwiftGlyph/";
			requirement = {
				branch = "sgalpha-swift-glyphs";
				kind = branch;
			};
		};
		B76576CE28F0DDF5003617FC /* XCRemoteSwiftPackageReference "swift-collections" */ = {
			isa = XCRemoteSwiftPackageReference;
			repositoryURL = "https://github.com/apple/swift-collections.git";
			requirement = {
				kind = upToNextMajorVersion;
				minimumVersion = 1.0.0;
			};
		};
		B7C69FF628A4526500A84860 /* XCRemoteSwiftPackageReference "swift-algorithms" */ = {
			isa = XCRemoteSwiftPackageReference;
			repositoryURL = "https://github.com/apple/swift-algorithms.git";
			requirement = {
				kind = upToNextMajorVersion;
				minimumVersion = 1.0.0;
			};
		};
		B7D1871D28C44A0900BACAA1 /* XCRemoteSwiftPackageReference "Zip" */ = {
			isa = XCRemoteSwiftPackageReference;
			repositoryURL = "https://github.com/marmelroy/Zip.git";
			requirement = {
				kind = upToNextMajorVersion;
				minimumVersion = 2.0.0;
			};
		};
/* End XCRemoteSwiftPackageReference section */

/* Begin XCSwiftPackageProductDependency section */
		45703F342B26A5FB00E8D9E1 /* SwiftGlyph */ = {
			isa = XCSwiftPackageProductDependency;
			productName = SwiftGlyph;
		};
		45703F362B26A6AC00E8D9E1 /* SwiftGlyph */ = {
			isa = XCSwiftPackageProductDependency;
			productName = SwiftGlyph;
		};
		B76576CF28F0DDF5003617FC /* Collections */ = {
			isa = XCSwiftPackageProductDependency;
			package = B76576CE28F0DDF5003617FC /* XCRemoteSwiftPackageReference "swift-collections" */;
			productName = Collections;
		};
		B76576D128F0DDF5003617FC /* OrderedCollections */ = {
			isa = XCSwiftPackageProductDependency;
			package = B76576CE28F0DDF5003617FC /* XCRemoteSwiftPackageReference "swift-collections" */;
			productName = OrderedCollections;
		};
		B79592E728A7615B00F16746 /* Algorithms */ = {
			isa = XCSwiftPackageProductDependency;
			package = B7C69FF628A4526500A84860 /* XCRemoteSwiftPackageReference "swift-algorithms" */;
			productName = Algorithms;
		};
		B7C69FF728A4526500A84860 /* Algorithms */ = {
			isa = XCSwiftPackageProductDependency;
			package = B7C69FF628A4526500A84860 /* XCRemoteSwiftPackageReference "swift-algorithms" */;
			productName = Algorithms;
		};
		B7CBD77128FCD0A600A918C2 /* Collections */ = {
			isa = XCSwiftPackageProductDependency;
			package = B76576CE28F0DDF5003617FC /* XCRemoteSwiftPackageReference "swift-collections" */;
			productName = Collections;
		};
		B7CBD77328FCD0A600A918C2 /* OrderedCollections */ = {
			isa = XCSwiftPackageProductDependency;
			package = B76576CE28F0DDF5003617FC /* XCRemoteSwiftPackageReference "swift-collections" */;
			productName = OrderedCollections;
		};
		B7D1871E28C44A0900BACAA1 /* Zip */ = {
			isa = XCSwiftPackageProductDependency;
			package = B7D1871D28C44A0900BACAA1 /* XCRemoteSwiftPackageReference "Zip" */;
			productName = Zip;
		};
		B7D1872028C57AFA00BACAA1 /* Zip */ = {
			isa = XCSwiftPackageProductDependency;
			package = B7D1871D28C44A0900BACAA1 /* XCRemoteSwiftPackageReference "Zip" */;
			productName = Zip;
		};
/* End XCSwiftPackageProductDependency section */
	};
	rootObject = F00FC724250C53460092AFF9 /* Project object */;
}
