{
  "object": {
    "pins": [
      {
        "package": "Brotli",
        "repositoryURL": "https://github.com/karlvr/Brotli",
        "state": {
          "branch": "master",
          "revision": "0d59ff8edef57eb7b1d167bf950e42826cf1f54a",
          "version": null
        }
      },
      {
        "package": "FileKit",
        "repositoryURL": "https://github.com/nvzqz/FileKit",
        "state": {
          "branch": null,
          "revision": "8b023fb42c2afd8a9ca00d2e587e1619a4ce8b5c",
          "version": "5.3.0"
        }
      },
      {
        "package": "swift-ast",
        "repositoryURL": "https://github.com/yanagiba/swift-ast",
        "state": {
          "branch": null,
          "revision": "e8507d78b32dbd33ea5ea975bbbc82b7613870a1",
          "version": "0.19.9"
        }
      },
      {
        "package": "SwiftSyntax",
        "repositoryURL": "https://github.com/apple/swift-syntax",
        "state": {
          "branch": null,
          "revision": "75e60475d9d8fd5bbc16a12e0eaa2cb01b0c322e",
          "version": "0.50500.0"
        }
      },
      {
        "package": "SwiftTrace",
        "repositoryURL": "https://github.com/tikimcfee/SwiftTrace",
        "state": {
          "branch": "main",
          "revision": "8c9d8c0f7b43f52f7c6884e15af16fbd7a60f76a",
          "version": null
        }
      }
    ]
  },
  "version": 1
}
