{
  "originHash" : "030a0242c174c5e66900579a93c6a405c0cdfb852f542182dbf2584e2eabdfb9",
  "pins" : [
    {
      "identity" : "bithandling",
      "kind" : "remoteSourceControl",
      "location" : "https://github.com/tikimcfee/BitHandling.git",
      "state" : {
        "branch" : "sgalpha-bits",
        "revision" : "ddcccc1bdc1b0c7c44970c73aa5685189e68c2be"
      }
    },
    {
      "identity" : "metallink",
      "kind" : "remoteSourceControl",
      "location" : "https://github.com/tikimcfee/MetalLink.git",
      "state" : {
        "branch" : "sgalpha-metal-link",
        "revision" : "faf99d2086271cd81c29576c917305f0ff87b3f2"
      }
    },
    {
      "identity" : "neon",
      "kind" : "remoteSourceControl",
      "location" : "https://github.com/ChimeHQ/Neon.git",
      "state" : {
        "branch" : "main",
        "revision" : "26f53e55e363727209a7a97854306b54b71cb3a5"
      }
    },
    {
      "identity" : "rearrange",
      "kind" : "remoteSourceControl",
      "location" : "https://github.com/ChimeHQ/Rearrange",
      "state" : {
        "revision" : "5ff7f3363f7a08f77e0d761e38e6add31c2136e1",
        "version" : "1.8.1"
      }
    },
    {
      "identity" : "swift-algorithms",
      "kind" : "remoteSourceControl",
      "location" : "https://github.com/apple/swift-algorithms.git",
      "state" : {
        "revision" : "f6919dfc309e7f1b56224378b11e28bab5bccc42",
        "version" : "1.2.0"
      }
    },
    {
      "identity" : "swift-collections",
      "kind" : "remoteSourceControl",
      "location" : "https://github.com/apple/swift-collections.git",
      "state" : {
        "revision" : "937e904258d22af6e447a0b72c0bc67583ef64a2",
        "version" : "1.0.4"
      }
    },
    {
      "identity" : "swift-numerics",
      "kind" : "remoteSourceControl",
      "location" : "https://github.com/apple/swift-numerics",
      "state" : {
        "revision" : "0a5bc04095a675662cf24757cc0640aa2204253b",
        "version" : "1.0.2"
      }
    },
    {
      "identity" : "swifttreesitter",
      "kind" : "remoteSourceControl",
      "location" : "https://github.com/ChimeHQ/SwiftTreeSitter",
      "state" : {
        "revision" : "b01904a3737649c1d8520106bbb285724fe5b0bb"
      }
    },
    {
      "identity" : "tree-sitter-swift",
      "kind" : "remoteSourceControl",
      "location" : "https://github.com/alex-pinkus/tree-sitter-swift.git",
      "state" : {
        "branch" : "with-generated-files",
        "revision" : "33e56e4e2a6455f3fd4e04cfe5c7a314d498612d"
      }
    },
    {
      "identity" : "zip",
      "kind" : "remoteSourceControl",
      "location" : "https://github.com/marmelroy/Zip.git",
      "state" : {
        "revision" : "67fa55813b9e7b3b9acee9c0ae501def28746d76",
        "version" : "2.1.2"
      }
    }
  ],
  "version" : 3
}
